lockfileVersion: '9.0'

settings:
  autoInstallPeers: true
  excludeLinksFromLockfile: false

importers:

  .:
    dependencies:
      '@aws-sdk/client-dynamodb':
        specifier: ^3.883.0
        version: 3.883.0
      '@aws-sdk/lib-dynamodb':
        specifier: ^3.883.0
        version: 3.883.0(@aws-sdk/client-dynamodb@3.883.0)
      ejs:
        specifier: ^3.1.10
        version: 3.1.10
      zod:
        specifier: ^4.1.5
        version: 4.1.5

packages:

  '@aws-crypto/sha256-browser@5.2.0':
    resolution: {integrity: sha512-AXfN/lGotSQwu6HNcEsIASo7kWXZ5HYWvfOmSNKDsEqC4OashTp8alTmaz+F7TC2L083SFv5RdB+qU3Vs1kZqw==}

  '@aws-crypto/sha256-js@5.2.0':
    resolution: {integrity: sha512-FFQQyu7edu4ufvIZ+OadFpHHOt+eSTBaYaki44c+akjg7qZg9oOQeLlk77F6tSYqjDAFClrHJk9tMf0HdVyOvA==}
    engines: {node: '>=16.0.0'}

  '@aws-crypto/supports-web-crypto@5.2.0':
    resolution: {integrity: sha512-iAvUotm021kM33eCdNfwIN//F77/IADDSs58i+MDaOqFrVjZo9bAal0NK7HurRuWLLpF1iLX7gbWrjHjeo+YFg==}

  '@aws-crypto/util@5.2.0':
    resolution: {integrity: sha512-4RkU9EsI6ZpBve5fseQlGNUWKMa1RLPQ1dnjnQoe07ldfIzcsGb5hC5W0Dm7u423KWzawlrpbjXBrXCEv9zazQ==}

  '@aws-sdk/client-dynamodb@3.883.0':
    resolution: {integrity: sha512-7Mrlix4PW+zoXH3fGYPMRgkxpFmHlD5qgfsZgkZ2glddtTxZbuTgKGwPSPu22Ax55Jiz3HRZgV5wZ2T0bHgZgA==}
    engines: {node: '>=18.0.0'}

  '@aws-sdk/client-sso@3.883.0':
    resolution: {integrity: sha512-Ybjw76yPceEBO7+VLjy5+/Gr0A1UNymSDHda5w8tfsS2iHZt/vuD6wrYpHdLoUx4H5la8ZhwcSfK/+kmE+QLPw==}
    engines: {node: '>=18.0.0'}

  '@aws-sdk/core@3.883.0':
    resolution: {integrity: sha512-FmkqnqBLkXi4YsBPbF6vzPa0m4XKUuvgKDbamfw4DZX2CzfBZH6UU4IwmjNV3ZM38m0xraHarK8KIbGSadN3wg==}
    engines: {node: '>=18.0.0'}

  '@aws-sdk/credential-provider-env@3.883.0':
    resolution: {integrity: sha512-Z6tPBXPCodfhIF1rvQKoeRGMkwL6TK0xdl1UoMIA1x4AfBpPICAF77JkFBExk/pdiFYq1d04Qzddd/IiujSlLg==}
    engines: {node: '>=18.0.0'}

  '@aws-sdk/credential-provider-http@3.883.0':
    resolution: {integrity: sha512-P589ug1lMOOEYLTaQJjSP+Gee34za8Kk2LfteNQfO9SpByHFgGj++Sg8VyIe30eZL8Q+i4qTt24WDCz1c+dgYg==}
    engines: {node: '>=18.0.0'}

  '@aws-sdk/credential-provider-ini@3.883.0':
    resolution: {integrity: sha512-n6z9HTzuDEdugXvPiE/95VJXbF4/gBffdV/SRHDJKtDHaRuvp/gggbfmfVSTFouGVnlKPb2pQWQsW3Nr/Y3Lrw==}
    engines: {node: '>=18.0.0'}

  '@aws-sdk/credential-provider-node@3.883.0':
    resolution: {integrity: sha512-QIUhsatsrwfB9ZsKpmi0EySSfexVP61wgN7hr493DOileh2QsKW4XATEfsWNmx0dj9323Vg1Mix7bXtRfl9cGg==}
    engines: {node: '>=18.0.0'}

  '@aws-sdk/credential-provider-process@3.883.0':
    resolution: {integrity: sha512-m1shbHY/Vppy4EdddG9r8x64TO/9FsCjokp5HbKcZvVoTOTgUJrdT8q2TAQJ89+zYIJDqsKbqfrmfwJ1zOdnGQ==}
    engines: {node: '>=18.0.0'}

  '@aws-sdk/credential-provider-sso@3.883.0':
    resolution: {integrity: sha512-37ve9Tult08HLXrJFHJM/sGB/vO7wzI6v1RUUfeTiShqx8ZQ5fTzCTNY/duO96jCtCexmFNSycpQzh7lDIf0aA==}
    engines: {node: '>=18.0.0'}

  '@aws-sdk/credential-provider-web-identity@3.883.0':
    resolution: {integrity: sha512-SL82K9Jb0vpuTadqTO4Fpdu7SKtebZ3Yo4LZvk/U0UauVMlJj5ZTos0mFx1QSMB9/4TpqifYrSZcdnxgYg8Eqw==}
    engines: {node: '>=18.0.0'}

  '@aws-sdk/endpoint-cache@3.873.0':
    resolution: {integrity: sha512-EHd+5bSp/hZc78SMq9cUCIsX0B4ekZtFUVSSLEXyYv8x/nHFTnTqN9TsxV8bjlztR3aSUeoKSk5qxu/dVGgiQw==}
    engines: {node: '>=18.0.0'}

  '@aws-sdk/lib-dynamodb@3.883.0':
    resolution: {integrity: sha512-eLlgfePMRXBDBkHrLYcH0W+DjRg1gVbX8jUQExZ2R+0lotv8Gma53ZQaVYgLwR+sX/QIm29pdvMNeBUNrm2ksg==}
    engines: {node: '>=18.0.0'}
    peerDependencies:
      '@aws-sdk/client-dynamodb': ^3.883.0

  '@aws-sdk/middleware-endpoint-discovery@3.873.0':
    resolution: {integrity: sha512-qKQocn1MzaLS9dt5xt3MvQsZaQzRsmOFdazWXkMup1AtFrULSUklsbHjm5fg5xyFPN8ipNzPi+MCXcgPzfpKkg==}
    engines: {node: '>=18.0.0'}

  '@aws-sdk/middleware-host-header@3.873.0':
    resolution: {integrity: sha512-KZ/W1uruWtMOs7D5j3KquOxzCnV79KQW9MjJFZM/M0l6KI8J6V3718MXxFHsTjUE4fpdV6SeCNLV1lwGygsjJA==}
    engines: {node: '>=18.0.0'}

  '@aws-sdk/middleware-logger@3.876.0':
    resolution: {integrity: sha512-cpWJhOuMSyz9oV25Z/CMHCBTgafDCbv7fHR80nlRrPdPZ8ETNsahwRgltXP1QJJ8r3X/c1kwpOR7tc+RabVzNA==}
    engines: {node: '>=18.0.0'}

  '@aws-sdk/middleware-recursion-detection@3.873.0':
    resolution: {integrity: sha512-OtgY8EXOzRdEWR//WfPkA/fXl0+WwE8hq0y9iw2caNyKPtca85dzrrZWnPqyBK/cpImosrpR1iKMYr41XshsCg==}
    engines: {node: '>=18.0.0'}

  '@aws-sdk/middleware-user-agent@3.883.0':
    resolution: {integrity: sha512-q58uLYnGLg7hsnWpdj7Cd1Ulsq1/PUJOHvAfgcBuiDE/+Fwh0DZxZZyjrU+Cr+dbeowIdUaOO8BEDDJ0CUenJw==}
    engines: {node: '>=18.0.0'}

  '@aws-sdk/nested-clients@3.883.0':
    resolution: {integrity: sha512-IhzDM+v0ga53GOOrZ9jmGNr7JU5OR6h6ZK9NgB7GXaa+gsDbqfUuXRwyKDYXldrTXf1sUR3vy1okWDXA7S2ejQ==}
    engines: {node: '>=18.0.0'}

  '@aws-sdk/region-config-resolver@3.873.0':
    resolution: {integrity: sha512-q9sPoef+BBG6PJnc4x60vK/bfVwvRWsPgcoQyIra057S/QGjq5VkjvNk6H8xedf6vnKlXNBwq9BaANBXnldUJg==}
    engines: {node: '>=18.0.0'}

  '@aws-sdk/token-providers@3.883.0':
    resolution: {integrity: sha512-tcj/Z5paGn9esxhmmkEW7gt39uNoIRbXG1UwJrfKu4zcTr89h86PDiIE2nxUO3CMQf1KgncPpr5WouPGzkh/QQ==}
    engines: {node: '>=18.0.0'}

  '@aws-sdk/types@3.862.0':
    resolution: {integrity: sha512-Bei+RL0cDxxV+lW2UezLbCYYNeJm6Nzee0TpW0FfyTRBhH9C1XQh4+x+IClriXvgBnRquTMMYsmJfvx8iyLKrg==}
    engines: {node: '>=18.0.0'}

  '@aws-sdk/util-dynamodb@3.883.0':
    resolution: {integrity: sha512-vxesHv1nn9KxQ5jAAqBip6QECJJptyvqNMN/5MBbS9QlpflgUacRlgqKaP+e1Cu2WXA2ZGgbTeGLqs3Rl9nQrg==}
    engines: {node: '>=18.0.0'}
    peerDependencies:
      '@aws-sdk/client-dynamodb': ^3.883.0

  '@aws-sdk/util-endpoints@3.879.0':
    resolution: {integrity: sha512-aVAJwGecYoEmbEFju3127TyJDF9qJsKDUUTRMDuS8tGn+QiWQFnfInmbt+el9GU1gEJupNTXV+E3e74y51fb7A==}
    engines: {node: '>=18.0.0'}

  '@aws-sdk/util-locate-window@3.873.0':
    resolution: {integrity: sha512-xcVhZF6svjM5Rj89T1WzkjQmrTF6dpR2UvIHPMTnSZoNe6CixejPZ6f0JJ2kAhO8H+dUHwNBlsUgOTIKiK/Syg==}
    engines: {node: '>=18.0.0'}

  '@aws-sdk/util-user-agent-browser@3.873.0':
    resolution: {integrity: sha512-AcRdbK6o19yehEcywI43blIBhOCSo6UgyWcuOJX5CFF8k39xm1ILCjQlRRjchLAxWrm0lU0Q7XV90RiMMFMZtA==}

  '@aws-sdk/util-user-agent-node@3.883.0':
    resolution: {integrity: sha512-28cQZqC+wsKUHGpTBr+afoIdjS6IoEJkMqcZsmo2Ag8LzmTa6BUWQenFYB0/9BmDy4PZFPUn+uX+rJgWKB+jzA==}
    engines: {node: '>=18.0.0'}
    peerDependencies:
      aws-crt: '>=1.0.0'
    peerDependenciesMeta:
      aws-crt:
        optional: true

  '@aws-sdk/xml-builder@3.873.0':
    resolution: {integrity: sha512-kLO7k7cGJ6KaHiExSJWojZurF7SnGMDHXRuQunFnEoD0n1yB6Lqy/S/zHiQ7oJnBhPr9q0TW9qFkrsZb1Uc54w==}
    engines: {node: '>=18.0.0'}

  '@smithy/abort-controller@4.1.0':
    resolution: {integrity: sha512-wEhSYznxOmx7EdwK1tYEWJF5+/wmSFsff9BfTOn8oO/+KPl3gsmThrb6MJlWbOC391+Ya31s5JuHiC2RlT80Zg==}
    engines: {node: '>=18.0.0'}

  '@smithy/config-resolver@4.2.0':
    resolution: {integrity: sha512-FA10YhPFLy23uxeWu7pOM2ctlw+gzbPMTZQwrZ8FRIfyJ/p8YIVz7AVTB5jjLD+QIerydyKcVMZur8qzzDILAQ==}
    engines: {node: '>=18.0.0'}

  '@smithy/core@3.10.0':
    resolution: {integrity: sha512-bXyD3Ij6b1qDymEYlEcF+QIjwb9gObwZNaRjETJsUEvSIzxFdynSQ3E4ysY7lUFSBzeWBNaFvX+5A0smbC2q6A==}
    engines: {node: '>=18.0.0'}

  '@smithy/credential-provider-imds@4.1.0':
    resolution: {integrity: sha512-iVwNhxTsCQTPdp++4C/d9xvaDmuEWhXi55qJobMp9QMaEHRGH3kErU4F8gohtdsawRqnUy/ANylCjKuhcR2mPw==}
    engines: {node: '>=18.0.0'}

  '@smithy/fetch-http-handler@5.2.0':
    resolution: {integrity: sha512-VZenjDdVaUGiy3hwQtxm75nhXZrhFG+3xyL93qCQAlYDyhT/jeDWM8/3r5uCFMlTmmyrIjiDyiOynVFchb0BSg==}
    engines: {node: '>=18.0.0'}

  '@smithy/hash-node@4.1.0':
    resolution: {integrity: sha512-mXkJQ/6lAXTuoSsEH+d/fHa4ms4qV5LqYoPLYhmhCRTNcMMdg+4Ya8cMgU1W8+OR40eX0kzsExT7fAILqtTl2w==}
    engines: {node: '>=18.0.0'}

  '@smithy/invalid-dependency@4.1.0':
    resolution: {integrity: sha512-4/FcV6aCMzgpM4YyA/GRzTtG28G0RQJcWK722MmpIgzOyfSceWcI9T9c8matpHU9qYYLaWtk8pSGNCLn5kzDRw==}
    engines: {node: '>=18.0.0'}

  '@smithy/is-array-buffer@2.2.0':
    resolution: {integrity: sha512-GGP3O9QFD24uGeAXYUjwSTXARoqpZykHadOmA8G5vfJPK0/DC67qa//0qvqrJzL1xc8WQWX7/yc7fwudjPHPhA==}
    engines: {node: '>=14.0.0'}

  '@smithy/is-array-buffer@4.1.0':
    resolution: {integrity: sha512-ePTYUOV54wMogio+he4pBybe8fwg4sDvEVDBU8ZlHOZXbXK3/C0XfJgUCu6qAZcawv05ZhZzODGUerFBPsPUDQ==}
    engines: {node: '>=18.0.0'}

  '@smithy/middleware-content-length@4.1.0':
    resolution: {integrity: sha512-x3dgLFubk/ClKVniJu+ELeZGk4mq7Iv0HgCRUlxNUIcerHTLVmq7Q5eGJL0tOnUltY6KFw5YOKaYxwdcMwox/w==}
    engines: {node: '>=18.0.0'}

  '@smithy/middleware-endpoint@4.2.0':
    resolution: {integrity: sha512-J1eCF7pPDwgv7fGwRd2+Y+H9hlIolF3OZ2PjptonzzyOXXGh/1KGJAHpEcY1EX+WLlclKu2yC5k+9jWXdUG4YQ==}
    engines: {node: '>=18.0.0'}

  '@smithy/middleware-retry@4.2.0':
    resolution: {integrity: sha512-raL5oWYf5ALl3jCJrajE8enKJEnV/2wZkKS6mb3ZRY2tg3nj66ssdWy5Ps8E6Yu8Wqh3Tt+Sb9LozjvwZupq+A==}
    engines: {node: '>=18.0.0'}

  '@smithy/middleware-serde@4.1.0':
    resolution: {integrity: sha512-CtLFYlHt7c2VcztyVRc+25JLV4aGpmaSv9F1sPB0AGFL6S+RPythkqpGDa2XBQLJQooKkjLA1g7Xe4450knShg==}
    engines: {node: '>=18.0.0'}

  '@smithy/middleware-stack@4.1.0':
    resolution: {integrity: sha512-91Fuw4IKp0eK8PNhMXrHRcYA1jvbZ9BJGT91wwPy3bTQT8mHTcQNius/EhSQTlT9QUI3Ki1wjHeNXbWK0tO8YQ==}
    engines: {node: '>=18.0.0'}

  '@smithy/node-config-provider@4.2.0':
    resolution: {integrity: sha512-8/fpilqKurQ+f8nFvoFkJ0lrymoMJ+5/CQV5IcTv/MyKhk2Q/EFYCAgTSWHD4nMi9ux9NyBBynkyE9SLg2uSLA==}
    engines: {node: '>=18.0.0'}

  '@smithy/node-http-handler@4.2.0':
    resolution: {integrity: sha512-G4NV70B4hF9vBrUkkvNfWO6+QR4jYjeO4tc+4XrKCb4nPYj49V9Hu8Ftio7Mb0/0IlFyEOORudHrm+isY29nCA==}
    engines: {node: '>=18.0.0'}

  '@smithy/property-provider@4.1.0':
    resolution: {integrity: sha512-eksMjMHUlG5PwOUWO3k+rfLNOPVPJ70mUzyYNKb5lvyIuAwS4zpWGsxGiuT74DFWonW0xRNy+jgzGauUzX7SyA==}
    engines: {node: '>=18.0.0'}

  '@smithy/protocol-http@5.2.0':
    resolution: {integrity: sha512-bwjlh5JwdOQnA01be+5UvHK4HQz4iaRKlVG46hHSJuqi0Ribt3K06Z1oQ29i35Np4G9MCDgkOGcHVyLMreMcbg==}
    engines: {node: '>=18.0.0'}

  '@smithy/querystring-builder@4.1.0':
    resolution: {integrity: sha512-JqTWmVIq4AF8R8OK/2cCCiQo5ZJ0SRPsDkDgLO5/3z8xxuUp1oMIBBjfuueEe+11hGTZ6rRebzYikpKc6yQV9Q==}
    engines: {node: '>=18.0.0'}

  '@smithy/querystring-parser@4.1.0':
    resolution: {integrity: sha512-VgdHhr8YTRsjOl4hnKFm7xEMOCRTnKw3FJ1nU+dlWNhdt/7eEtxtkdrJdx7PlRTabdANTmvyjE4umUl9cK4awg==}
    engines: {node: '>=18.0.0'}

  '@smithy/service-error-classification@4.1.0':
    resolution: {integrity: sha512-UBpNFzBNmS20jJomuYn++Y+soF8rOK9AvIGjS9yGP6uRXF5rP18h4FDUsoNpWTlSsmiJ87e2DpZo9ywzSMH7PQ==}
    engines: {node: '>=18.0.0'}

  '@smithy/shared-ini-file-loader@4.1.0':
    resolution: {integrity: sha512-W0VMlz9yGdQ/0ZAgWICFjFHTVU0YSfGoCVpKaExRM/FDkTeP/yz8OKvjtGjs6oFokCRm0srgj/g4Cg0xuHu8Rw==}
    engines: {node: '>=18.0.0'}

  '@smithy/signature-v4@5.2.0':
    resolution: {integrity: sha512-ObX1ZqG2DdZQlXx9mLD7yAR8AGb7yXurGm+iWx9x4l1fBZ8CZN2BRT09aSbcXVPZXWGdn5VtMuupjxhOTI2EjA==}
    engines: {node: '>=18.0.0'}

  '@smithy/smithy-client@4.6.0':
    resolution: {integrity: sha512-TvlIshqx5PIi0I0AiR+PluCpJ8olVG++xbYkAIGCUkByaMUlfOXLgjQTmYbr46k4wuDe8eHiTIlUflnjK2drPQ==}
    engines: {node: '>=18.0.0'}

  '@smithy/types@4.4.0':
    resolution: {integrity: sha512-4jY91NgZz+ZnSFcVzWwngOW6VuK3gR/ihTwSU1R/0NENe9Jd8SfWgbhDCAGUWL3bI7DiDSW7XF6Ui6bBBjrqXw==}
    engines: {node: '>=18.0.0'}

  '@smithy/url-parser@4.1.0':
    resolution: {integrity: sha512-/LYEIOuO5B2u++tKr1NxNxhZTrr3A63jW8N73YTwVeUyAlbB/YM+hkftsvtKAcMt3ADYo0FsF1GY3anehffSVQ==}
    engines: {node: '>=18.0.0'}

  '@smithy/util-base64@4.1.0':
    resolution: {integrity: sha512-RUGd4wNb8GeW7xk+AY5ghGnIwM96V0l2uzvs/uVHf+tIuVX2WSvynk5CxNoBCsM2rQRSZElAo9rt3G5mJ/gktQ==}
    engines: {node: '>=18.0.0'}

  '@smithy/util-body-length-browser@4.1.0':
    resolution: {integrity: sha512-V2E2Iez+bo6bUMOTENPr6eEmepdY8Hbs+Uc1vkDKgKNA/brTJqOW/ai3JO1BGj9GbCeLqw90pbbH7HFQyFotGQ==}
    engines: {node: '>=18.0.0'}

  '@smithy/util-body-length-node@4.1.0':
    resolution: {integrity: sha512-BOI5dYjheZdgR9XiEM3HJcEMCXSoqbzu7CzIgYrx0UtmvtC3tC2iDGpJLsSRFffUpy8ymsg2ARMP5fR8mtuUQQ==}
    engines: {node: '>=18.0.0'}

  '@smithy/util-buffer-from@2.2.0':
    resolution: {integrity: sha512-IJdWBbTcMQ6DA0gdNhh/BwrLkDR+ADW5Kr1aZmd4k3DIF6ezMV4R2NIAmT08wQJ3yUK82thHWmC/TnK/wpMMIA==}
    engines: {node: '>=14.0.0'}

  '@smithy/util-buffer-from@4.1.0':
    resolution: {integrity: sha512-N6yXcjfe/E+xKEccWEKzK6M+crMrlwaCepKja0pNnlSkm6SjAeLKKA++er5Ba0I17gvKfN/ThV+ZOx/CntKTVw==}
    engines: {node: '>=18.0.0'}

  '@smithy/util-config-provider@4.1.0':
    resolution: {integrity: sha512-swXz2vMjrP1ZusZWVTB/ai5gK+J8U0BWvP10v9fpcFvg+Xi/87LHvHfst2IgCs1i0v4qFZfGwCmeD/KNCdJZbQ==}
    engines: {node: '>=18.0.0'}

  '@smithy/util-defaults-mode-browser@4.1.0':
    resolution: {integrity: sha512-D27cLtJtC4EEeERJXS+JPoogz2tE5zeE3zhWSSu6ER5/wJ5gihUxIzoarDX6K1U27IFTHit5YfHqU4Y9RSGE0w==}
    engines: {node: '>=18.0.0'}

  '@smithy/util-defaults-mode-node@4.1.0':
    resolution: {integrity: sha512-gnZo3u5dP1o87plKupg39alsbeIY1oFFnCyV2nI/++pL19vTtBLgOyftLEjPjuXmoKn2B2rskX8b7wtC/+3Okg==}
    engines: {node: '>=18.0.0'}

  '@smithy/util-endpoints@3.1.0':
    resolution: {integrity: sha512-5LFg48KkunBVGrNs3dnQgLlMXJLVo7k9sdZV5su3rjO3c3DmQ2LwUZI0Zr49p89JWK6sB7KmzyI2fVcDsZkwuw==}
    engines: {node: '>=18.0.0'}

  '@smithy/util-hex-encoding@4.1.0':
    resolution: {integrity: sha512-1LcueNN5GYC4tr8mo14yVYbh/Ur8jHhWOxniZXii+1+ePiIbsLZ5fEI0QQGtbRRP5mOhmooos+rLmVASGGoq5w==}
    engines: {node: '>=18.0.0'}

  '@smithy/util-middleware@4.1.0':
    resolution: {integrity: sha512-612onNcKyxhP7/YOTKFTb2F6sPYtMRddlT5mZvYf1zduzaGzkYhpYIPxIeeEwBZFjnvEqe53Ijl2cYEfJ9d6/Q==}
    engines: {node: '>=18.0.0'}

  '@smithy/util-retry@4.1.0':
    resolution: {integrity: sha512-5AGoBHb207xAKSVwaUnaER+L55WFY8o2RhlafELZR3mB0J91fpL+Qn+zgRkPzns3kccGaF2vy0HmNVBMWmN6dA==}
    engines: {node: '>=18.0.0'}

  '@smithy/util-stream@4.3.0':
    resolution: {integrity: sha512-ZOYS94jksDwvsCJtppHprUhsIscRnCKGr6FXCo3SxgQ31ECbza3wqDBqSy6IsAak+h/oAXb1+UYEBmDdseAjUQ==}
    engines: {node: '>=18.0.0'}

  '@smithy/util-uri-escape@4.1.0':
    resolution: {integrity: sha512-b0EFQkq35K5NHUYxU72JuoheM6+pytEVUGlTwiFxWFpmddA+Bpz3LgsPRIpBk8lnPE47yT7AF2Egc3jVnKLuPg==}
    engines: {node: '>=18.0.0'}

  '@smithy/util-utf8@2.3.0':
    resolution: {integrity: sha512-R8Rdn8Hy72KKcebgLiv8jQcQkXoLMOGGv5uI1/k0l+snqkOzQ1R0ChUBCxWMlBsFMekWjq0wRudIweFs7sKT5A==}
    engines: {node: '>=14.0.0'}

  '@smithy/util-utf8@4.1.0':
    resolution: {integrity: sha512-mEu1/UIXAdNYuBcyEPbjScKi/+MQVXNIuY/7Cm5XLIWe319kDrT5SizBE95jqtmEXoDbGoZxKLCMttdZdqTZKQ==}
    engines: {node: '>=18.0.0'}

  '@smithy/util-waiter@4.1.0':
    resolution: {integrity: sha512-IUuj2zpGdeKaY5OdGnU83BUJsv7OA9uw3rNVSOuvzLMXMpBTU+W6V0SsQh6iI32lKUJArlnEU4BIzp83hghR/g==}
    engines: {node: '>=18.0.0'}

  '@types/uuid@9.0.8':
    resolution: {integrity: sha512-jg+97EGIcY9AGHJJRaaPVgetKDsrTgbRjQ5Msgjh/DQKEFl0DtyRr/VCOyD1T2R1MNeWPK/u7JoGhlDZnKBAfA==}

  async@3.2.6:
    resolution: {integrity: sha512-htCUDlxyyCLMgaM3xXg0C0LW2xqfuQ6p05pCEIsXuyQ+a1koYKTuBMzRNwmybfLgvJDMd0r1LTn4+E0Ti6C2AA==}

  balanced-match@1.0.2:
    resolution: {integrity: sha512-3oSeUO0TMV67hN1AmbXsK4yaqU7tjiHlbxRDZOpH0KW9+CeX4bRAaX0Anxt0tx2MrpRpWwQaPwIlISEJhYU5Pw==}

  bowser@2.12.1:
    resolution: {integrity: sha512-z4rE2Gxh7tvshQ4hluIT7XcFrgLIQaw9X3A+kTTRdovCz5PMukm/0QC/BKSYPj3omF5Qfypn9O/c5kgpmvYUCw==}

  brace-expansion@2.0.2:
    resolution: {integrity: sha512-Jt0vHyM+jmUBqojB7E1NIYadt0vI0Qxjxd2TErW94wDz+E2LAm5vKMXXwg6ZZBTHPuUlDgQHKXvjGBdfcF1ZDQ==}

  ejs@3.1.10:
    resolution: {integrity: sha512-UeJmFfOrAQS8OJWPZ4qtgHyWExa088/MtK5UEyoJGFH67cDEXkZSviOiKRCZ4Xij0zxI3JECgYs3oKx+AizQBA==}
    engines: {node: '>=0.10.0'}
    hasBin: true

  fast-xml-parser@5.2.5:
    resolution: {integrity: sha512-pfX9uG9Ki0yekDHx2SiuRIyFdyAr1kMIMitPvb0YBo8SUfKvia7w7FIyd/l6av85pFYRhZscS75MwMnbvY+hcQ==}
    hasBin: true

  filelist@1.0.4:
    resolution: {integrity: sha512-w1cEuf3S+DrLCQL7ET6kz+gmlJdbq9J7yXCSjK/OZCPA+qEN1WyF4ZAf0YYJa4/shHJra2t/d/r8SV4Ji+x+8Q==}

  jake@10.9.4:
    resolution: {integrity: sha512-wpHYzhxiVQL+IV05BLE2Xn34zW1S223hvjtqk0+gsPrwd/8JNLXJgZZM/iPFsYc1xyphF+6M6EvdE5E9MBGkDA==}
    engines: {node: '>=10'}
    hasBin: true

  minimatch@5.1.6:
    resolution: {integrity: sha512-lKwV/1brpG6mBUFHtb7NUmtABCb2WZZmm2wNiOA5hAb8VdCS4B3dtMWyvcoViccwAW/COERjXLt0zP1zXUN26g==}
    engines: {node: '>=10'}

  mnemonist@0.38.3:
    resolution: {integrity: sha512-2K9QYubXx/NAjv4VLq1d1Ly8pWNC5L3BrixtdkyTegXWJIqY+zLNDhhX/A+ZwWt70tB1S8H4BE8FLYEFyNoOBw==}

  obliterator@1.6.1:
    resolution: {integrity: sha512-9WXswnqINnnhOG/5SLimUlzuU1hFJUc8zkwyD59Sd+dPOMf05PmnYG/d6Q7HZ+KmgkZJa1PxRso6QdM3sTNHig==}

  picocolors@1.1.1:
    resolution: {integrity: sha512-xceH2snhtb5M9liqDsmEw56le376mTZkEX/jEb/RxNFyegNul7eNslCXP9FDj/Lcu0X8KEyMceP2ntpaHrDEVA==}

  strnum@2.1.1:
    resolution: {integrity: sha512-7ZvoFTiCnGxBtDqJ//Cu6fWtZtc7Y3x+QOirG15wztbdngGSkht27o2pyGWrVy0b4WAy3jbKmnoK6g5VlVNUUw==}

  tslib@2.8.1:
    resolution: {integrity: sha512-oJFu94HQb+KVduSUQL7wnpmqnfmLsOA/nAh6b6EH0wCEoK0/mPeXU6c3wKDV83MkOuHPRHtSXKKU99IBazS/2w==}

  uuid@9.0.1:
    resolution: {integrity: sha512-b+1eJOlsR9K8HJpow9Ok3fiWOWSIcIzXodvv0rQjVoOVNpWMpxf1wZNpt4y9h10odCNrqnYp1OBzRktckBe3sA==}
    hasBin: true

  zod@4.1.5:
    resolution: {integrity: sha512-rcUUZqlLJgBC33IT3PNMgsCq6TzLQEG/Ei/KTCU0PedSWRMAXoOUN+4t/0H+Q8bdnLPdqUYnvboJT0bn/229qg==}

snapshots:

  '@aws-crypto/sha256-browser@5.2.0':
    dependencies:
      '@aws-crypto/sha256-js': 5.2.0
      '@aws-crypto/supports-web-crypto': 5.2.0
      '@aws-crypto/util': 5.2.0
      '@aws-sdk/types': 3.862.0
      '@aws-sdk/util-locate-window': 3.873.0
      '@smithy/util-utf8': 2.3.0
      tslib: 2.8.1

  '@aws-crypto/sha256-js@5.2.0':
    dependencies:
      '@aws-crypto/util': 5.2.0
      '@aws-sdk/types': 3.862.0
      tslib: 2.8.1

  '@aws-crypto/supports-web-crypto@5.2.0':
    dependencies:
      tslib: 2.8.1

  '@aws-crypto/util@5.2.0':
    dependencies:
      '@aws-sdk/types': 3.862.0
      '@smithy/util-utf8': 2.3.0
      tslib: 2.8.1

  '@aws-sdk/client-dynamodb@3.883.0':
    dependencies:
      '@aws-crypto/sha256-browser': 5.2.0
      '@aws-crypto/sha256-js': 5.2.0
      '@aws-sdk/core': 3.883.0
      '@aws-sdk/credential-provider-node': 3.883.0
      '@aws-sdk/middleware-endpoint-discovery': 3.873.0
      '@aws-sdk/middleware-host-header': 3.873.0
      '@aws-sdk/middleware-logger': 3.876.0
      '@aws-sdk/middleware-recursion-detection': 3.873.0
      '@aws-sdk/middleware-user-agent': 3.883.0
      '@aws-sdk/region-config-resolver': 3.873.0
      '@aws-sdk/types': 3.862.0
      '@aws-sdk/util-endpoints': 3.879.0
      '@aws-sdk/util-user-agent-browser': 3.873.0
      '@aws-sdk/util-user-agent-node': 3.883.0
      '@smithy/config-resolver': 4.2.0
      '@smithy/core': 3.10.0
      '@smithy/fetch-http-handler': 5.2.0
      '@smithy/hash-node': 4.1.0
      '@smithy/invalid-dependency': 4.1.0
      '@smithy/middleware-content-length': 4.1.0
      '@smithy/middleware-endpoint': 4.2.0
      '@smithy/middleware-retry': 4.2.0
      '@smithy/middleware-serde': 4.1.0
      '@smithy/middleware-stack': 4.1.0
      '@smithy/node-config-provider': 4.2.0
      '@smithy/node-http-handler': 4.2.0
      '@smithy/protocol-http': 5.2.0
      '@smithy/smithy-client': 4.6.0
      '@smithy/types': 4.4.0
      '@smithy/url-parser': 4.1.0
      '@smithy/util-base64': 4.1.0
      '@smithy/util-body-length-browser': 4.1.0
      '@smithy/util-body-length-node': 4.1.0
      '@smithy/util-defaults-mode-browser': 4.1.0
      '@smithy/util-defaults-mode-node': 4.1.0
      '@smithy/util-endpoints': 3.1.0
      '@smithy/util-middleware': 4.1.0
      '@smithy/util-retry': 4.1.0
      '@smithy/util-utf8': 4.1.0
      '@smithy/util-waiter': 4.1.0
      '@types/uuid': 9.0.8
      tslib: 2.8.1
      uuid: 9.0.1
    transitivePeerDependencies:
      - aws-crt

  '@aws-sdk/client-sso@3.883.0':
    dependencies:
      '@aws-crypto/sha256-browser': 5.2.0
      '@aws-crypto/sha256-js': 5.2.0
      '@aws-sdk/core': 3.883.0
      '@aws-sdk/middleware-host-header': 3.873.0
      '@aws-sdk/middleware-logger': 3.876.0
      '@aws-sdk/middleware-recursion-detection': 3.873.0
      '@aws-sdk/middleware-user-agent': 3.883.0
      '@aws-sdk/region-config-resolver': 3.873.0
      '@aws-sdk/types': 3.862.0
      '@aws-sdk/util-endpoints': 3.879.0
      '@aws-sdk/util-user-agent-browser': 3.873.0
      '@aws-sdk/util-user-agent-node': 3.883.0
      '@smithy/config-resolver': 4.2.0
      '@smithy/core': 3.10.0
      '@smithy/fetch-http-handler': 5.2.0
      '@smithy/hash-node': 4.1.0
      '@smithy/invalid-dependency': 4.1.0
      '@smithy/middleware-content-length': 4.1.0
      '@smithy/middleware-endpoint': 4.2.0
      '@smithy/middleware-retry': 4.2.0
      '@smithy/middleware-serde': 4.1.0
      '@smithy/middleware-stack': 4.1.0
      '@smithy/node-config-provider': 4.2.0
      '@smithy/node-http-handler': 4.2.0
      '@smithy/protocol-http': 5.2.0
      '@smithy/smithy-client': 4.6.0
      '@smithy/types': 4.4.0
      '@smithy/url-parser': 4.1.0
      '@smithy/util-base64': 4.1.0
      '@smithy/util-body-length-browser': 4.1.0
      '@smithy/util-body-length-node': 4.1.0
      '@smithy/util-defaults-mode-browser': 4.1.0
      '@smithy/util-defaults-mode-node': 4.1.0
      '@smithy/util-endpoints': 3.1.0
      '@smithy/util-middleware': 4.1.0
      '@smithy/util-retry': 4.1.0
      '@smithy/util-utf8': 4.1.0
      tslib: 2.8.1
    transitivePeerDependencies:
      - aws-crt

  '@aws-sdk/core@3.883.0':
    dependencies:
      '@aws-sdk/types': 3.862.0
      '@aws-sdk/xml-builder': 3.873.0
      '@smithy/core': 3.10.0
      '@smithy/node-config-provider': 4.2.0
      '@smithy/property-provider': 4.1.0
      '@smithy/protocol-http': 5.2.0
      '@smithy/signature-v4': 5.2.0
      '@smithy/smithy-client': 4.6.0
      '@smithy/types': 4.4.0
      '@smithy/util-base64': 4.1.0
      '@smithy/util-body-length-browser': 4.1.0
      '@smithy/util-middleware': 4.1.0
      '@smithy/util-utf8': 4.1.0
      fast-xml-parser: 5.2.5
      tslib: 2.8.1

  '@aws-sdk/credential-provider-env@3.883.0':
    dependencies:
      '@aws-sdk/core': 3.883.0
      '@aws-sdk/types': 3.862.0
      '@smithy/property-provider': 4.1.0
      '@smithy/types': 4.4.0
      tslib: 2.8.1

  '@aws-sdk/credential-provider-http@3.883.0':
    dependencies:
      '@aws-sdk/core': 3.883.0
      '@aws-sdk/types': 3.862.0
      '@smithy/fetch-http-handler': 5.2.0
      '@smithy/node-http-handler': 4.2.0
      '@smithy/property-provider': 4.1.0
      '@smithy/protocol-http': 5.2.0
      '@smithy/smithy-client': 4.6.0
      '@smithy/types': 4.4.0
      '@smithy/util-stream': 4.3.0
      tslib: 2.8.1

  '@aws-sdk/credential-provider-ini@3.883.0':
    dependencies:
      '@aws-sdk/core': 3.883.0
      '@aws-sdk/credential-provider-env': 3.883.0
      '@aws-sdk/credential-provider-http': 3.883.0
      '@aws-sdk/credential-provider-process': 3.883.0
      '@aws-sdk/credential-provider-sso': 3.883.0
      '@aws-sdk/credential-provider-web-identity': 3.883.0
      '@aws-sdk/nested-clients': 3.883.0
      '@aws-sdk/types': 3.862.0
      '@smithy/credential-provider-imds': 4.1.0
      '@smithy/property-provider': 4.1.0
      '@smithy/shared-ini-file-loader': 4.1.0
      '@smithy/types': 4.4.0
      tslib: 2.8.1
    transitivePeerDependencies:
      - aws-crt

  '@aws-sdk/credential-provider-node@3.883.0':
    dependencies:
      '@aws-sdk/credential-provider-env': 3.883.0
      '@aws-sdk/credential-provider-http': 3.883.0
      '@aws-sdk/credential-provider-ini': 3.883.0
      '@aws-sdk/credential-provider-process': 3.883.0
      '@aws-sdk/credential-provider-sso': 3.883.0
      '@aws-sdk/credential-provider-web-identity': 3.883.0
      '@aws-sdk/types': 3.862.0
      '@smithy/credential-provider-imds': 4.1.0
      '@smithy/property-provider': 4.1.0
      '@smithy/shared-ini-file-loader': 4.1.0
      '@smithy/types': 4.4.0
      tslib: 2.8.1
    transitivePeerDependencies:
      - aws-crt

  '@aws-sdk/credential-provider-process@3.883.0':
    dependencies:
      '@aws-sdk/core': 3.883.0
      '@aws-sdk/types': 3.862.0
      '@smithy/property-provider': 4.1.0
      '@smithy/shared-ini-file-loader': 4.1.0
      '@smithy/types': 4.4.0
      tslib: 2.8.1

  '@aws-sdk/credential-provider-sso@3.883.0':
    dependencies:
      '@aws-sdk/client-sso': 3.883.0
      '@aws-sdk/core': 3.883.0
      '@aws-sdk/token-providers': 3.883.0
      '@aws-sdk/types': 3.862.0
      '@smithy/property-provider': 4.1.0
      '@smithy/shared-ini-file-loader': 4.1.0
      '@smithy/types': 4.4.0
      tslib: 2.8.1
    transitivePeerDependencies:
      - aws-crt

  '@aws-sdk/credential-provider-web-identity@3.883.0':
    dependencies:
      '@aws-sdk/core': 3.883.0
      '@aws-sdk/nested-clients': 3.883.0
      '@aws-sdk/types': 3.862.0
      '@smithy/property-provider': 4.1.0
      '@smithy/types': 4.4.0
      tslib: 2.8.1
    transitivePeerDependencies:
      - aws-crt

  '@aws-sdk/endpoint-cache@3.873.0':
    dependencies:
      mnemonist: 0.38.3
      tslib: 2.8.1

  '@aws-sdk/lib-dynamodb@3.883.0(@aws-sdk/client-dynamodb@3.883.0)':
    dependencies:
      '@aws-sdk/client-dynamodb': 3.883.0
      '@aws-sdk/core': 3.883.0
      '@aws-sdk/util-dynamodb': 3.883.0(@aws-sdk/client-dynamodb@3.883.0)
      '@smithy/core': 3.10.0
      '@smithy/smithy-client': 4.6.0
      '@smithy/types': 4.4.0
      tslib: 2.8.1

  '@aws-sdk/middleware-endpoint-discovery@3.873.0':
    dependencies:
      '@aws-sdk/endpoint-cache': 3.873.0
      '@aws-sdk/types': 3.862.0
      '@smithy/node-config-provider': 4.2.0
      '@smithy/protocol-http': 5.2.0
      '@smithy/types': 4.4.0
      tslib: 2.8.1

  '@aws-sdk/middleware-host-header@3.873.0':
    dependencies:
      '@aws-sdk/types': 3.862.0
      '@smithy/protocol-http': 5.2.0
      '@smithy/types': 4.4.0
      tslib: 2.8.1

  '@aws-sdk/middleware-logger@3.876.0':
    dependencies:
      '@aws-sdk/types': 3.862.0
      '@smithy/types': 4.4.0
      tslib: 2.8.1

  '@aws-sdk/middleware-recursion-detection@3.873.0':
    dependencies:
      '@aws-sdk/types': 3.862.0
      '@smithy/protocol-http': 5.2.0
      '@smithy/types': 4.4.0
      tslib: 2.8.1

  '@aws-sdk/middleware-user-agent@3.883.0':
    dependencies:
      '@aws-sdk/core': 3.883.0
      '@aws-sdk/types': 3.862.0
      '@aws-sdk/util-endpoints': 3.879.0
      '@smithy/core': 3.10.0
      '@smithy/protocol-http': 5.2.0
      '@smithy/types': 4.4.0
      tslib: 2.8.1

  '@aws-sdk/nested-clients@3.883.0':
    dependencies:
      '@aws-crypto/sha256-browser': 5.2.0
      '@aws-crypto/sha256-js': 5.2.0
      '@aws-sdk/core': 3.883.0
      '@aws-sdk/middleware-host-header': 3.873.0
      '@aws-sdk/middleware-logger': 3.876.0
      '@aws-sdk/middleware-recursion-detection': 3.873.0
      '@aws-sdk/middleware-user-agent': 3.883.0
      '@aws-sdk/region-config-resolver': 3.873.0
      '@aws-sdk/types': 3.862.0
      '@aws-sdk/util-endpoints': 3.879.0
      '@aws-sdk/util-user-agent-browser': 3.873.0
      '@aws-sdk/util-user-agent-node': 3.883.0
      '@smithy/config-resolver': 4.2.0
      '@smithy/core': 3.10.0
      '@smithy/fetch-http-handler': 5.2.0
      '@smithy/hash-node': 4.1.0
      '@smithy/invalid-dependency': 4.1.0
      '@smithy/middleware-content-length': 4.1.0
      '@smithy/middleware-endpoint': 4.2.0
      '@smithy/middleware-retry': 4.2.0
      '@smithy/middleware-serde': 4.1.0
      '@smithy/middleware-stack': 4.1.0
      '@smithy/node-config-provider': 4.2.0
      '@smithy/node-http-handler': 4.2.0
      '@smithy/protocol-http': 5.2.0
      '@smithy/smithy-client': 4.6.0
      '@smithy/types': 4.4.0
      '@smithy/url-parser': 4.1.0
      '@smithy/util-base64': 4.1.0
      '@smithy/util-body-length-browser': 4.1.0
      '@smithy/util-body-length-node': 4.1.0
      '@smithy/util-defaults-mode-browser': 4.1.0
      '@smithy/util-defaults-mode-node': 4.1.0
      '@smithy/util-endpoints': 3.1.0
      '@smithy/util-middleware': 4.1.0
      '@smithy/util-retry': 4.1.0
      '@smithy/util-utf8': 4.1.0
      tslib: 2.8.1
    transitivePeerDependencies:
      - aws-crt

  '@aws-sdk/region-config-resolver@3.873.0':
    dependencies:
      '@aws-sdk/types': 3.862.0
      '@smithy/node-config-provider': 4.2.0
      '@smithy/types': 4.4.0
      '@smithy/util-config-provider': 4.1.0
      '@smithy/util-middleware': 4.1.0
      tslib: 2.8.1

  '@aws-sdk/token-providers@3.883.0':
    dependencies:
      '@aws-sdk/core': 3.883.0
      '@aws-sdk/nested-clients': 3.883.0
      '@aws-sdk/types': 3.862.0
      '@smithy/property-provider': 4.1.0
      '@smithy/shared-ini-file-loader': 4.1.0
      '@smithy/types': 4.4.0
      tslib: 2.8.1
    transitivePeerDependencies:
      - aws-crt

  '@aws-sdk/types@3.862.0':
    dependencies:
      '@smithy/types': 4.4.0
      tslib: 2.8.1

  '@aws-sdk/util-dynamodb@3.883.0(@aws-sdk/client-dynamodb@3.883.0)':
    dependencies:
      '@aws-sdk/client-dynamodb': 3.883.0
      tslib: 2.8.1

  '@aws-sdk/util-endpoints@3.879.0':
    dependencies:
      '@aws-sdk/types': 3.862.0
      '@smithy/types': 4.4.0
      '@smithy/url-parser': 4.1.0
      '@smithy/util-endpoints': 3.1.0
      tslib: 2.8.1

  '@aws-sdk/util-locate-window@3.873.0':
    dependencies:
      tslib: 2.8.1

  '@aws-sdk/util-user-agent-browser@3.873.0':
    dependencies:
      '@aws-sdk/types': 3.862.0
      '@smithy/types': 4.4.0
      bowser: 2.12.1
      tslib: 2.8.1

  '@aws-sdk/util-user-agent-node@3.883.0':
    dependencies:
      '@aws-sdk/middleware-user-agent': 3.883.0
      '@aws-sdk/types': 3.862.0
      '@smithy/node-config-provider': 4.2.0
      '@smithy/types': 4.4.0
      tslib: 2.8.1

  '@aws-sdk/xml-builder@3.873.0':
    dependencies:
      '@smithy/types': 4.4.0
      tslib: 2.8.1

  '@smithy/abort-controller@4.1.0':
    dependencies:
      '@smithy/types': 4.4.0
      tslib: 2.8.1

  '@smithy/config-resolver@4.2.0':
    dependencies:
      '@smithy/node-config-provider': 4.2.0
      '@smithy/types': 4.4.0
      '@smithy/util-config-provider': 4.1.0
      '@smithy/util-middleware': 4.1.0
      tslib: 2.8.1

  '@smithy/core@3.10.0':
    dependencies:
      '@smithy/middleware-serde': 4.1.0
      '@smithy/protocol-http': 5.2.0
      '@smithy/types': 4.4.0
      '@smithy/util-base64': 4.1.0
      '@smithy/util-body-length-browser': 4.1.0
      '@smithy/util-middleware': 4.1.0
      '@smithy/util-stream': 4.3.0
      '@smithy/util-utf8': 4.1.0
      '@types/uuid': 9.0.8
      tslib: 2.8.1
      uuid: 9.0.1

  '@smithy/credential-provider-imds@4.1.0':
    dependencies:
      '@smithy/node-config-provider': 4.2.0
      '@smithy/property-provider': 4.1.0
      '@smithy/types': 4.4.0
      '@smithy/url-parser': 4.1.0
      tslib: 2.8.1

  '@smithy/fetch-http-handler@5.2.0':
    dependencies:
      '@smithy/protocol-http': 5.2.0
      '@smithy/querystring-builder': 4.1.0
      '@smithy/types': 4.4.0
      '@smithy/util-base64': 4.1.0
      tslib: 2.8.1

  '@smithy/hash-node@4.1.0':
    dependencies:
      '@smithy/types': 4.4.0
      '@smithy/util-buffer-from': 4.1.0
      '@smithy/util-utf8': 4.1.0
      tslib: 2.8.1

  '@smithy/invalid-dependency@4.1.0':
    dependencies:
      '@smithy/types': 4.4.0
      tslib: 2.8.1

  '@smithy/is-array-buffer@2.2.0':
    dependencies:
      tslib: 2.8.1

  '@smithy/is-array-buffer@4.1.0':
    dependencies:
      tslib: 2.8.1

  '@smithy/middleware-content-length@4.1.0':
    dependencies:
      '@smithy/protocol-http': 5.2.0
      '@smithy/types': 4.4.0
      tslib: 2.8.1

  '@smithy/middleware-endpoint@4.2.0':
    dependencies:
      '@smithy/core': 3.10.0
      '@smithy/middleware-serde': 4.1.0
      '@smithy/node-config-provider': 4.2.0
      '@smithy/shared-ini-file-loader': 4.1.0
      '@smithy/types': 4.4.0
      '@smithy/url-parser': 4.1.0
      '@smithy/util-middleware': 4.1.0
      tslib: 2.8.1

  '@smithy/middleware-retry@4.2.0':
    dependencies:
      '@smithy/node-config-provider': 4.2.0
      '@smithy/protocol-http': 5.2.0
      '@smithy/service-error-classification': 4.1.0
      '@smithy/smithy-client': 4.6.0
      '@smithy/types': 4.4.0
      '@smithy/util-middleware': 4.1.0
      '@smithy/util-retry': 4.1.0
      '@types/uuid': 9.0.8
      tslib: 2.8.1
      uuid: 9.0.1

  '@smithy/middleware-serde@4.1.0':
    dependencies:
      '@smithy/protocol-http': 5.2.0
      '@smithy/types': 4.4.0
      tslib: 2.8.1

  '@smithy/middleware-stack@4.1.0':
    dependencies:
      '@smithy/types': 4.4.0
      tslib: 2.8.1

  '@smithy/node-config-provider@4.2.0':
    dependencies:
      '@smithy/property-provider': 4.1.0
      '@smithy/shared-ini-file-loader': 4.1.0
      '@smithy/types': 4.4.0
      tslib: 2.8.1

  '@smithy/node-http-handler@4.2.0':
    dependencies:
      '@smithy/abort-controller': 4.1.0
      '@smithy/protocol-http': 5.2.0
      '@smithy/querystring-builder': 4.1.0
      '@smithy/types': 4.4.0
      tslib: 2.8.1

  '@smithy/property-provider@4.1.0':
    dependencies:
      '@smithy/types': 4.4.0
      tslib: 2.8.1

  '@smithy/protocol-http@5.2.0':
    dependencies:
      '@smithy/types': 4.4.0
      tslib: 2.8.1

  '@smithy/querystring-builder@4.1.0':
    dependencies:
      '@smithy/types': 4.4.0
      '@smithy/util-uri-escape': 4.1.0
      tslib: 2.8.1

  '@smithy/querystring-parser@4.1.0':
    dependencies:
      '@smithy/types': 4.4.0
      tslib: 2.8.1

  '@smithy/service-error-classification@4.1.0':
    dependencies:
      '@smithy/types': 4.4.0

  '@smithy/shared-ini-file-loader@4.1.0':
    dependencies:
      '@smithy/types': 4.4.0
      tslib: 2.8.1

  '@smithy/signature-v4@5.2.0':
    dependencies:
      '@smithy/is-array-buffer': 4.1.0
      '@smithy/protocol-http': 5.2.0
      '@smithy/types': 4.4.0
      '@smithy/util-hex-encoding': 4.1.0
      '@smithy/util-middleware': 4.1.0
      '@smithy/util-uri-escape': 4.1.0
      '@smithy/util-utf8': 4.1.0
      tslib: 2.8.1

  '@smithy/smithy-client@4.6.0':
    dependencies:
      '@smithy/core': 3.10.0
      '@smithy/middleware-endpoint': 4.2.0
      '@smithy/middleware-stack': 4.1.0
      '@smithy/protocol-http': 5.2.0
      '@smithy/types': 4.4.0
      '@smithy/util-stream': 4.3.0
      tslib: 2.8.1

  '@smithy/types@4.4.0':
    dependencies:
      tslib: 2.8.1

  '@smithy/url-parser@4.1.0':
    dependencies:
      '@smithy/querystring-parser': 4.1.0
      '@smithy/types': 4.4.0
      tslib: 2.8.1

  '@smithy/util-base64@4.1.0':
    dependencies:
      '@smithy/util-buffer-from': 4.1.0
      '@smithy/util-utf8': 4.1.0
      tslib: 2.8.1

  '@smithy/util-body-length-browser@4.1.0':
    dependencies:
      tslib: 2.8.1

  '@smithy/util-body-length-node@4.1.0':
    dependencies:
      tslib: 2.8.1

  '@smithy/util-buffer-from@2.2.0':
    dependencies:
      '@smithy/is-array-buffer': 2.2.0
      tslib: 2.8.1

  '@smithy/util-buffer-from@4.1.0':
    dependencies:
      '@smithy/is-array-buffer': 4.1.0
      tslib: 2.8.1

  '@smithy/util-config-provider@4.1.0':
    dependencies:
      tslib: 2.8.1

  '@smithy/util-defaults-mode-browser@4.1.0':
    dependencies:
      '@smithy/property-provider': 4.1.0
      '@smithy/smithy-client': 4.6.0
      '@smithy/types': 4.4.0
      bowser: 2.12.1
      tslib: 2.8.1

  '@smithy/util-defaults-mode-node@4.1.0':
    dependencies:
      '@smithy/config-resolver': 4.2.0
      '@smithy/credential-provider-imds': 4.1.0
      '@smithy/node-config-provider': 4.2.0
      '@smithy/property-provider': 4.1.0
      '@smithy/smithy-client': 4.6.0
      '@smithy/types': 4.4.0
      tslib: 2.8.1

  '@smithy/util-endpoints@3.1.0':
    dependencies:
      '@smithy/node-config-provider': 4.2.0
      '@smithy/types': 4.4.0
      tslib: 2.8.1

  '@smithy/util-hex-encoding@4.1.0':
    dependencies:
      tslib: 2.8.1

  '@smithy/util-middleware@4.1.0':
    dependencies:
      '@smithy/types': 4.4.0
      tslib: 2.8.1

  '@smithy/util-retry@4.1.0':
    dependencies:
      '@smithy/service-error-classification': 4.1.0
      '@smithy/types': 4.4.0
      tslib: 2.8.1

  '@smithy/util-stream@4.3.0':
    dependencies:
      '@smithy/fetch-http-handler': 5.2.0
      '@smithy/node-http-handler': 4.2.0
      '@smithy/types': 4.4.0
      '@smithy/util-base64': 4.1.0
      '@smithy/util-buffer-from': 4.1.0
      '@smithy/util-hex-encoding': 4.1.0
      '@smithy/util-utf8': 4.1.0
      tslib: 2.8.1

  '@smithy/util-uri-escape@4.1.0':
    dependencies:
      tslib: 2.8.1

  '@smithy/util-utf8@2.3.0':
    dependencies:
      '@smithy/util-buffer-from': 2.2.0
      tslib: 2.8.1

  '@smithy/util-utf8@4.1.0':
    dependencies:
      '@smithy/util-buffer-from': 4.1.0
      tslib: 2.8.1

  '@smithy/util-waiter@4.1.0':
    dependencies:
      '@smithy/abort-controller': 4.1.0
      '@smithy/types': 4.4.0
      tslib: 2.8.1

  '@types/uuid@9.0.8': {}

  async@3.2.6: {}

  balanced-match@1.0.2: {}

  bowser@2.12.1: {}

  brace-expansion@2.0.2:
    dependencies:
      balanced-match: 1.0.2

  ejs@3.1.10:
    dependencies:
      jake: 10.9.4

  fast-xml-parser@5.2.5:
    dependencies:
      strnum: 2.1.1

  filelist@1.0.4:
    dependencies:
      minimatch: 5.1.6

  jake@10.9.4:
    dependencies:
      async: 3.2.6
      filelist: 1.0.4
      picocolors: 1.1.1

  minimatch@5.1.6:
    dependencies:
      brace-expansion: 2.0.2

  mnemonist@0.38.3:
    dependencies:
      obliterator: 1.6.1

  obliterator@1.6.1: {}

  picocolors@1.1.1: {}

  strnum@2.1.1: {}

  tslib@2.8.1: {}

  uuid@9.0.1: {}

  zod@4.1.5: {}
