lockfileVersion: '9.0'

settings:
  autoInstallPeers: true
  excludeLinksFromLockfile: false

importers:

  .:
    dependencies:
      '@aws-sdk/client-dynamodb':
        specifier: ^3.417.0
        version: 3.828.0
      '@aws-sdk/lib-dynamodb':
        specifier: ^3.417.0
        version: 3.828.0(@aws-sdk/client-dynamodb@3.828.0)
      ejs:
        specifier: ^3.1.9
        version: 3.1.10
      zod:
        specifier: ^3.22.2
        version: 3.25.62

packages:

  '@aws-crypto/sha256-browser@5.2.0':
    resolution: {integrity: sha512-AXfN/lGotSQwu6HNcEsIASo7kWXZ5HYWvfOmSNKDsEqC4OashTp8alTmaz+F7TC2L083SFv5RdB+qU3Vs1kZqw==}

  '@aws-crypto/sha256-js@5.2.0':
    resolution: {integrity: sha512-FFQQyu7edu4ufvIZ+OadFpHHOt+eSTBaYaki44c+akjg7qZg9oOQeLlk77F6tSYqjDAFClrHJk9tMf0HdVyOvA==}
    engines: {node: '>=16.0.0'}

  '@aws-crypto/supports-web-crypto@5.2.0':
    resolution: {integrity: sha512-iAvUotm021kM33eCdNfwIN//F77/IADDSs58i+MDaOqFrVjZo9bAal0NK7HurRuWLLpF1iLX7gbWrjHjeo+YFg==}

  '@aws-crypto/util@5.2.0':
    resolution: {integrity: sha512-4RkU9EsI6ZpBve5fseQlGNUWKMa1RLPQ1dnjnQoe07ldfIzcsGb5hC5W0Dm7u423KWzawlrpbjXBrXCEv9zazQ==}

  '@aws-sdk/client-dynamodb@3.828.0':
    resolution: {integrity: sha512-UU8k3wXE/E8PiQlxSFc/7GQC65cuuF27UFRjAxQ8gFHy6WRsO7SsTRoJekbV8W6dBEbiYP1dpUCCccoDF8Owgw==}
    engines: {node: '>=18.0.0'}

  '@aws-sdk/client-sso@3.828.0':
    resolution: {integrity: sha512-qxw8JcPTaFaBwTBUr4YmLajaMh3En65SuBWAKEtjctbITRRekzR7tvr/TkwoyVOh+XoAtkwOn+BQeQbX+/wgHw==}
    engines: {node: '>=18.0.0'}

  '@aws-sdk/core@3.826.0':
    resolution: {integrity: sha512-BGbQYzWj3ps+dblq33FY5tz/SsgJCcXX0zjQlSC07tYvU1jHTUvsefphyig+fY38xZ4wdKjbTop+KUmXUYrOXw==}
    engines: {node: '>=18.0.0'}

  '@aws-sdk/credential-provider-env@3.826.0':
    resolution: {integrity: sha512-DK3pQY8+iKK3MGDdC3uOZQ2psU01obaKlTYhEwNu4VWzgwQL4Vi3sWj4xSWGEK41vqZxiRLq6fOq7ysRI+qEZA==}
    engines: {node: '>=18.0.0'}

  '@aws-sdk/credential-provider-http@3.826.0':
    resolution: {integrity: sha512-N+IVZBh+yx/9GbMZTKO/gErBi/FYZQtcFRItoLbY+6WU+0cSWyZYfkoeOxHmQV3iX9k65oljERIWUmL9x6OSQg==}
    engines: {node: '>=18.0.0'}

  '@aws-sdk/credential-provider-ini@3.828.0':
    resolution: {integrity: sha512-T3DJMo2/j7gCPpFg2+xEHWgua05t8WP89ye7PaZxA2Fc6CgScHkZsJZTri1QQIU2h+eOZ75EZWkeFLIPgN0kRQ==}
    engines: {node: '>=18.0.0'}

  '@aws-sdk/credential-provider-node@3.828.0':
    resolution: {integrity: sha512-9z3iPwVYOQYNzVZj8qycZaS/BOSKRXWA+QVNQlfEnQ4sA4sOcKR4kmV2h+rJcuBsSFfmOF62ZDxyIBGvvM4t/w==}
    engines: {node: '>=18.0.0'}

  '@aws-sdk/credential-provider-process@3.826.0':
    resolution: {integrity: sha512-kURrc4amu3NLtw1yZw7EoLNEVhmOMRUTs+chaNcmS+ERm3yK0nKjaJzmKahmwlTQTSl3wJ8jjK7x962VPo+zWw==}
    engines: {node: '>=18.0.0'}

  '@aws-sdk/credential-provider-sso@3.828.0':
    resolution: {integrity: sha512-9CEAXzUDSzOjOCb3XfM15TZhTaM+l07kumZyx2z8NC6T2U4qbCJqn4h8mFlRvYrs6cBj2SN40sD3r5Wp0Cq2Kw==}
    engines: {node: '>=18.0.0'}

  '@aws-sdk/credential-provider-web-identity@3.828.0':
    resolution: {integrity: sha512-MguDhGHlQBeK9CQ/P4NOY0whAJ4HJU4x+f1dphg3I1sGlccFqfB8Moor2vXNKu0Th2kvAwkn9pr7gGb/+NGR9g==}
    engines: {node: '>=18.0.0'}

  '@aws-sdk/endpoint-cache@3.804.0':
    resolution: {integrity: sha512-TQVDkA/lV6ua75ELZaichMzlp6x7tDa1bqdy/+0ZftmODPtKXuOOEcJxmdN7Ui/YRo1gkRz2D9txYy7IlNg1Og==}
    engines: {node: '>=18.0.0'}

  '@aws-sdk/lib-dynamodb@3.828.0':
    resolution: {integrity: sha512-EQppnIYHUyRxNcHnzVcQhPRi6KvtzsVkjQcsiNYuQjVPiI/shiQRHXJyRES74nFESYgh1AXTBaZUyO1bgy1TDQ==}
    engines: {node: '>=18.0.0'}
    peerDependencies:
      '@aws-sdk/client-dynamodb': ^3.828.0

  '@aws-sdk/middleware-endpoint-discovery@3.821.0':
    resolution: {integrity: sha512-8EguERzvpzTN2WrPaspK/F9GSkAzBQbecgIaCL49rJWKAso+ewmVVPnrXGzbeGVXTk4G0XuWSjt8wqUzZyt7wQ==}
    engines: {node: '>=18.0.0'}

  '@aws-sdk/middleware-host-header@3.821.0':
    resolution: {integrity: sha512-xSMR+sopSeWGx5/4pAGhhfMvGBHioVBbqGvDs6pG64xfNwM5vq5s5v6D04e2i+uSTj4qGa71dLUs5I0UzAK3sw==}
    engines: {node: '>=18.0.0'}

  '@aws-sdk/middleware-logger@3.821.0':
    resolution: {integrity: sha512-0cvI0ipf2tGx7fXYEEN5fBeZDz2RnHyb9xftSgUsEq7NBxjV0yTZfLJw6Za5rjE6snC80dRN8+bTNR1tuG89zA==}
    engines: {node: '>=18.0.0'}

  '@aws-sdk/middleware-recursion-detection@3.821.0':
    resolution: {integrity: sha512-efmaifbhBoqKG3bAoEfDdcM8hn1psF+4qa7ykWuYmfmah59JBeqHLfz5W9m9JoTwoKPkFcVLWZxnyZzAnVBOIg==}
    engines: {node: '>=18.0.0'}

  '@aws-sdk/middleware-user-agent@3.828.0':
    resolution: {integrity: sha512-nixvI/SETXRdmrVab4D9LvXT3lrXkwAWGWk2GVvQvzlqN1/M/RfClj+o37Sn4FqRkGH9o9g7Fqb1YqZ4mqDAtA==}
    engines: {node: '>=18.0.0'}

  '@aws-sdk/nested-clients@3.828.0':
    resolution: {integrity: sha512-xmeOILiR9LvfC8MctgeRXXN8nQTwbOvO4wHvgE8tDRsjnBpyyO0j50R4+viHXdMUGtgGkHEXRv8fFNBq54RgnA==}
    engines: {node: '>=18.0.0'}

  '@aws-sdk/region-config-resolver@3.821.0':
    resolution: {integrity: sha512-t8og+lRCIIy5nlId0bScNpCkif8sc0LhmtaKsbm0ZPm3sCa/WhCbSZibjbZ28FNjVCV+p0D9RYZx0VDDbtWyjw==}
    engines: {node: '>=18.0.0'}

  '@aws-sdk/token-providers@3.828.0':
    resolution: {integrity: sha512-JdOjI/TxkfQpY/bWbdGMdCiePESXTbtl6MfnJxz35zZ3tfHvBnxAWCoYJirdmjzY/j/dFo5oEyS6mQuXAG9w2w==}
    engines: {node: '>=18.0.0'}

  '@aws-sdk/types@3.821.0':
    resolution: {integrity: sha512-Znroqdai1a90TlxGaJ+FK1lwC0fHpo97Xjsp5UKGR5JODYm7f9+/fF17ebO1KdoBr/Rm0UIFiF5VmI8ts9F1eA==}
    engines: {node: '>=18.0.0'}

  '@aws-sdk/util-dynamodb@3.828.0':
    resolution: {integrity: sha512-TcNPaacxqZsFxObjuZPV5j7Mh7bdVPoFxdwO6utfg8FFdSsbg7h2jF26FiBF0sVfTvGvItJc9tUjE1jO1auADA==}
    engines: {node: '>=18.0.0'}
    peerDependencies:
      '@aws-sdk/client-dynamodb': ^3.828.0

  '@aws-sdk/util-endpoints@3.828.0':
    resolution: {integrity: sha512-RvKch111SblqdkPzg3oCIdlGxlQs+k+P7Etory9FmxPHyPDvsP1j1c74PmgYqtzzMWmoXTjd+c9naUHh9xG8xg==}
    engines: {node: '>=18.0.0'}

  '@aws-sdk/util-locate-window@3.804.0':
    resolution: {integrity: sha512-zVoRfpmBVPodYlnMjgVjfGoEZagyRF5IPn3Uo6ZvOZp24chnW/FRstH7ESDHDDRga4z3V+ElUQHKpFDXWyBW5A==}
    engines: {node: '>=18.0.0'}

  '@aws-sdk/util-user-agent-browser@3.821.0':
    resolution: {integrity: sha512-irWZHyM0Jr1xhC+38OuZ7JB6OXMLPZlj48thElpsO1ZSLRkLZx5+I7VV6k3sp2yZ7BYbKz/G2ojSv4wdm7XTLw==}

  '@aws-sdk/util-user-agent-node@3.828.0':
    resolution: {integrity: sha512-LdN6fTBzTlQmc8O8f1wiZN0qF3yBWVGis7NwpWK7FUEzP9bEZRxYfIkV9oV9zpt6iNRze1SedK3JQVB/udxBoA==}
    engines: {node: '>=18.0.0'}
    peerDependencies:
      aws-crt: '>=1.0.0'
    peerDependenciesMeta:
      aws-crt:
        optional: true

  '@aws-sdk/xml-builder@3.821.0':
    resolution: {integrity: sha512-DIIotRnefVL6DiaHtO6/21DhJ4JZnnIwdNbpwiAhdt/AVbttcE4yw925gsjur0OGv5BTYXQXU3YnANBYnZjuQA==}
    engines: {node: '>=18.0.0'}

  '@smithy/abort-controller@4.0.4':
    resolution: {integrity: sha512-gJnEjZMvigPDQWHrW3oPrFhQtkrgqBkyjj3pCIdF3A5M6vsZODG93KNlfJprv6bp4245bdT32fsHK4kkH3KYDA==}
    engines: {node: '>=18.0.0'}

  '@smithy/config-resolver@4.1.4':
    resolution: {integrity: sha512-prmU+rDddxHOH0oNcwemL+SwnzcG65sBF2yXRO7aeXIn/xTlq2pX7JLVbkBnVLowHLg4/OL4+jBmv9hVrVGS+w==}
    engines: {node: '>=18.0.0'}

  '@smithy/core@3.5.3':
    resolution: {integrity: sha512-xa5byV9fEguZNofCclv6v9ra0FYh5FATQW/da7FQUVTic94DfrN/NvmKZjrMyzbpqfot9ZjBaO8U1UeTbmSLuA==}
    engines: {node: '>=18.0.0'}

  '@smithy/credential-provider-imds@4.0.6':
    resolution: {integrity: sha512-hKMWcANhUiNbCJouYkZ9V3+/Qf9pteR1dnwgdyzR09R4ODEYx8BbUysHwRSyex4rZ9zapddZhLFTnT4ZijR4pw==}
    engines: {node: '>=18.0.0'}

  '@smithy/fetch-http-handler@5.0.4':
    resolution: {integrity: sha512-AMtBR5pHppYMVD7z7G+OlHHAcgAN7v0kVKEpHuTO4Gb199Gowh0taYi9oDStFeUhetkeP55JLSVlTW1n9rFtUw==}
    engines: {node: '>=18.0.0'}

  '@smithy/hash-node@4.0.4':
    resolution: {integrity: sha512-qnbTPUhCVnCgBp4z4BUJUhOEkVwxiEi1cyFM+Zj6o+aY8OFGxUQleKWq8ltgp3dujuhXojIvJWdoqpm6dVO3lQ==}
    engines: {node: '>=18.0.0'}

  '@smithy/invalid-dependency@4.0.4':
    resolution: {integrity: sha512-bNYMi7WKTJHu0gn26wg8OscncTt1t2b8KcsZxvOv56XA6cyXtOAAAaNP7+m45xfppXfOatXF3Sb1MNsLUgVLTw==}
    engines: {node: '>=18.0.0'}

  '@smithy/is-array-buffer@2.2.0':
    resolution: {integrity: sha512-GGP3O9QFD24uGeAXYUjwSTXARoqpZykHadOmA8G5vfJPK0/DC67qa//0qvqrJzL1xc8WQWX7/yc7fwudjPHPhA==}
    engines: {node: '>=14.0.0'}

  '@smithy/is-array-buffer@4.0.0':
    resolution: {integrity: sha512-saYhF8ZZNoJDTvJBEWgeBccCg+yvp1CX+ed12yORU3NilJScfc6gfch2oVb4QgxZrGUx3/ZJlb+c/dJbyupxlw==}
    engines: {node: '>=18.0.0'}

  '@smithy/middleware-content-length@4.0.4':
    resolution: {integrity: sha512-F7gDyfI2BB1Kc+4M6rpuOLne5LOcEknH1n6UQB69qv+HucXBR1rkzXBnQTB2q46sFy1PM/zuSJOB532yc8bg3w==}
    engines: {node: '>=18.0.0'}

  '@smithy/middleware-endpoint@4.1.11':
    resolution: {integrity: sha512-zDogwtRLzKl58lVS8wPcARevFZNBOOqnmzWWxVe9XiaXU2CADFjvJ9XfNibgkOWs08sxLuSr81NrpY4mgp9OwQ==}
    engines: {node: '>=18.0.0'}

  '@smithy/middleware-retry@4.1.12':
    resolution: {integrity: sha512-wvIH70c4e91NtRxdaLZF+mbLZ/HcC6yg7ySKUiufL6ESp6zJUSnJucZ309AvG9nqCFHSRB5I6T3Ez1Q9wCh0Ww==}
    engines: {node: '>=18.0.0'}

  '@smithy/middleware-serde@4.0.8':
    resolution: {integrity: sha512-iSSl7HJoJaGyMIoNn2B7czghOVwJ9nD7TMvLhMWeSB5vt0TnEYyRRqPJu/TqW76WScaNvYYB8nRoiBHR9S1Ddw==}
    engines: {node: '>=18.0.0'}

  '@smithy/middleware-stack@4.0.4':
    resolution: {integrity: sha512-kagK5ggDrBUCCzI93ft6DjteNSfY8Ulr83UtySog/h09lTIOAJ/xUSObutanlPT0nhoHAkpmW9V5K8oPyLh+QA==}
    engines: {node: '>=18.0.0'}

  '@smithy/node-config-provider@4.1.3':
    resolution: {integrity: sha512-HGHQr2s59qaU1lrVH6MbLlmOBxadtzTsoO4c+bF5asdgVik3I8o7JIOzoeqWc5MjVa+vD36/LWE0iXKpNqooRw==}
    engines: {node: '>=18.0.0'}

  '@smithy/node-http-handler@4.0.6':
    resolution: {integrity: sha512-NqbmSz7AW2rvw4kXhKGrYTiJVDHnMsFnX4i+/FzcZAfbOBauPYs2ekuECkSbtqaxETLLTu9Rl/ex6+I2BKErPA==}
    engines: {node: '>=18.0.0'}

  '@smithy/property-provider@4.0.4':
    resolution: {integrity: sha512-qHJ2sSgu4FqF4U/5UUp4DhXNmdTrgmoAai6oQiM+c5RZ/sbDwJ12qxB1M6FnP+Tn/ggkPZf9ccn4jqKSINaquw==}
    engines: {node: '>=18.0.0'}

  '@smithy/protocol-http@5.1.2':
    resolution: {integrity: sha512-rOG5cNLBXovxIrICSBm95dLqzfvxjEmuZx4KK3hWwPFHGdW3lxY0fZNXfv2zebfRO7sJZ5pKJYHScsqopeIWtQ==}
    engines: {node: '>=18.0.0'}

  '@smithy/querystring-builder@4.0.4':
    resolution: {integrity: sha512-SwREZcDnEYoh9tLNgMbpop+UTGq44Hl9tdj3rf+yeLcfH7+J8OXEBaMc2kDxtyRHu8BhSg9ADEx0gFHvpJgU8w==}
    engines: {node: '>=18.0.0'}

  '@smithy/querystring-parser@4.0.4':
    resolution: {integrity: sha512-6yZf53i/qB8gRHH/l2ZwUG5xgkPgQF15/KxH0DdXMDHjesA9MeZje/853ifkSY0x4m5S+dfDZ+c4x439PF0M2w==}
    engines: {node: '>=18.0.0'}

  '@smithy/service-error-classification@4.0.5':
    resolution: {integrity: sha512-LvcfhrnCBvCmTee81pRlh1F39yTS/+kYleVeLCwNtkY8wtGg8V/ca9rbZZvYIl8OjlMtL6KIjaiL/lgVqHD2nA==}
    engines: {node: '>=18.0.0'}

  '@smithy/shared-ini-file-loader@4.0.4':
    resolution: {integrity: sha512-63X0260LoFBjrHifPDs+nM9tV0VMkOTl4JRMYNuKh/f5PauSjowTfvF3LogfkWdcPoxsA9UjqEOgjeYIbhb7Nw==}
    engines: {node: '>=18.0.0'}

  '@smithy/signature-v4@5.1.2':
    resolution: {integrity: sha512-d3+U/VpX7a60seHziWnVZOHuEgJlclufjkS6zhXvxcJgkJq4UWdH5eOBLzHRMx6gXjsdT9h6lfpmLzbrdupHgQ==}
    engines: {node: '>=18.0.0'}

  '@smithy/smithy-client@4.4.3':
    resolution: {integrity: sha512-xxzNYgA0HD6ETCe5QJubsxP0hQH3QK3kbpJz3QrosBCuIWyEXLR/CO5hFb2OeawEKUxMNhz3a1nuJNN2np2RMA==}
    engines: {node: '>=18.0.0'}

  '@smithy/types@4.3.1':
    resolution: {integrity: sha512-UqKOQBL2x6+HWl3P+3QqFD4ncKq0I8Nuz9QItGv5WuKuMHuuwlhvqcZCoXGfc+P1QmfJE7VieykoYYmrOoFJxA==}
    engines: {node: '>=18.0.0'}

  '@smithy/url-parser@4.0.4':
    resolution: {integrity: sha512-eMkc144MuN7B0TDA4U2fKs+BqczVbk3W+qIvcoCY6D1JY3hnAdCuhCZODC+GAeaxj0p6Jroz4+XMUn3PCxQQeQ==}
    engines: {node: '>=18.0.0'}

  '@smithy/util-base64@4.0.0':
    resolution: {integrity: sha512-CvHfCmO2mchox9kjrtzoHkWHxjHZzaFojLc8quxXY7WAAMAg43nuxwv95tATVgQFNDwd4M9S1qFzj40Ul41Kmg==}
    engines: {node: '>=18.0.0'}

  '@smithy/util-body-length-browser@4.0.0':
    resolution: {integrity: sha512-sNi3DL0/k64/LO3A256M+m3CDdG6V7WKWHdAiBBMUN8S3hK3aMPhwnPik2A/a2ONN+9doY9UxaLfgqsIRg69QA==}
    engines: {node: '>=18.0.0'}

  '@smithy/util-body-length-node@4.0.0':
    resolution: {integrity: sha512-q0iDP3VsZzqJyje8xJWEJCNIu3lktUGVoSy1KB0UWym2CL1siV3artm+u1DFYTLejpsrdGyCSWBdGNjJzfDPjg==}
    engines: {node: '>=18.0.0'}

  '@smithy/util-buffer-from@2.2.0':
    resolution: {integrity: sha512-IJdWBbTcMQ6DA0gdNhh/BwrLkDR+ADW5Kr1aZmd4k3DIF6ezMV4R2NIAmT08wQJ3yUK82thHWmC/TnK/wpMMIA==}
    engines: {node: '>=14.0.0'}

  '@smithy/util-buffer-from@4.0.0':
    resolution: {integrity: sha512-9TOQ7781sZvddgO8nxueKi3+yGvkY35kotA0Y6BWRajAv8jjmigQ1sBwz0UX47pQMYXJPahSKEKYFgt+rXdcug==}
    engines: {node: '>=18.0.0'}

  '@smithy/util-config-provider@4.0.0':
    resolution: {integrity: sha512-L1RBVzLyfE8OXH+1hsJ8p+acNUSirQnWQ6/EgpchV88G6zGBTDPdXiiExei6Z1wR2RxYvxY/XLw6AMNCCt8H3w==}
    engines: {node: '>=18.0.0'}

  '@smithy/util-defaults-mode-browser@4.0.19':
    resolution: {integrity: sha512-mvLMh87xSmQrV5XqnUYEPoiFFeEGYeAKIDDKdhE2ahqitm8OHM3aSvhqL6rrK6wm1brIk90JhxDf5lf2hbrLbQ==}
    engines: {node: '>=18.0.0'}

  '@smithy/util-defaults-mode-node@4.0.19':
    resolution: {integrity: sha512-8tYnx+LUfj6m+zkUUIrIQJxPM1xVxfRBvoGHua7R/i6qAxOMjqR6CpEpDwKoIs1o0+hOjGvkKE23CafKL0vJ9w==}
    engines: {node: '>=18.0.0'}

  '@smithy/util-endpoints@3.0.6':
    resolution: {integrity: sha512-YARl3tFL3WgPuLzljRUnrS2ngLiUtkwhQtj8PAL13XZSyUiNLQxwG3fBBq3QXFqGFUXepIN73pINp3y8c2nBmA==}
    engines: {node: '>=18.0.0'}

  '@smithy/util-hex-encoding@4.0.0':
    resolution: {integrity: sha512-Yk5mLhHtfIgW2W2WQZWSg5kuMZCVbvhFmC7rV4IO2QqnZdbEFPmQnCcGMAX2z/8Qj3B9hYYNjZOhWym+RwhePw==}
    engines: {node: '>=18.0.0'}

  '@smithy/util-middleware@4.0.4':
    resolution: {integrity: sha512-9MLKmkBmf4PRb0ONJikCbCwORACcil6gUWojwARCClT7RmLzF04hUR4WdRprIXal7XVyrddadYNfp2eF3nrvtQ==}
    engines: {node: '>=18.0.0'}

  '@smithy/util-retry@4.0.5':
    resolution: {integrity: sha512-V7MSjVDTlEt/plmOFBn1762Dyu5uqMrV2Pl2X0dYk4XvWfdWJNe9Bs5Bzb56wkCuiWjSfClVMGcsuKrGj7S/yg==}
    engines: {node: '>=18.0.0'}

  '@smithy/util-stream@4.2.2':
    resolution: {integrity: sha512-aI+GLi7MJoVxg24/3J1ipwLoYzgkB4kUfogZfnslcYlynj3xsQ0e7vk4TnTro9hhsS5PvX1mwmkRqqHQjwcU7w==}
    engines: {node: '>=18.0.0'}

  '@smithy/util-uri-escape@4.0.0':
    resolution: {integrity: sha512-77yfbCbQMtgtTylO9itEAdpPXSog3ZxMe09AEhm0dU0NLTalV70ghDZFR+Nfi1C60jnJoh/Re4090/DuZh2Omg==}
    engines: {node: '>=18.0.0'}

  '@smithy/util-utf8@2.3.0':
    resolution: {integrity: sha512-R8Rdn8Hy72KKcebgLiv8jQcQkXoLMOGGv5uI1/k0l+snqkOzQ1R0ChUBCxWMlBsFMekWjq0wRudIweFs7sKT5A==}
    engines: {node: '>=14.0.0'}

  '@smithy/util-utf8@4.0.0':
    resolution: {integrity: sha512-b+zebfKCfRdgNJDknHCob3O7FpeYQN6ZG6YLExMcasDHsCXlsXCEuiPZeLnJLpwa5dvPetGlnGCiMHuLwGvFow==}
    engines: {node: '>=18.0.0'}

  '@smithy/util-waiter@4.0.5':
    resolution: {integrity: sha512-4QvC49HTteI1gfemu0I1syWovJgPvGn7CVUoN9ZFkdvr/cCFkrEL7qNCdx/2eICqDWEGnnr68oMdSIPCLAriSQ==}
    engines: {node: '>=18.0.0'}

  '@types/uuid@9.0.8':
    resolution: {integrity: sha512-jg+97EGIcY9AGHJJRaaPVgetKDsrTgbRjQ5Msgjh/DQKEFl0DtyRr/VCOyD1T2R1MNeWPK/u7JoGhlDZnKBAfA==}

  ansi-styles@4.3.0:
    resolution: {integrity: sha512-zbB9rCJAT1rbjiVDb2hqKFHNYLxgtk8NURxZ3IZwD3F6NtxbXZQCnnSi1Lkx+IDohdPlFp222wVALIheZJQSEg==}
    engines: {node: '>=8'}

  async@3.2.6:
    resolution: {integrity: sha512-htCUDlxyyCLMgaM3xXg0C0LW2xqfuQ6p05pCEIsXuyQ+a1koYKTuBMzRNwmybfLgvJDMd0r1LTn4+E0Ti6C2AA==}

  balanced-match@1.0.2:
    resolution: {integrity: sha512-3oSeUO0TMV67hN1AmbXsK4yaqU7tjiHlbxRDZOpH0KW9+CeX4bRAaX0Anxt0tx2MrpRpWwQaPwIlISEJhYU5Pw==}

  bowser@2.11.0:
    resolution: {integrity: sha512-AlcaJBi/pqqJBIQ8U9Mcpc9i8Aqxn88Skv5d+xBX006BY5u8N3mGLHa5Lgppa7L/HfwgwLgZ6NYs+Ag6uUmJRA==}

  brace-expansion@1.1.12:
    resolution: {integrity: sha512-9T9UjW3r0UW5c1Q7GTwllptXwhvYmEzFhzMfZ9H7FQWt+uZePjZPjBP/W1ZEyZ1twGWom5/56TF4lPcqjnDHcg==}

  brace-expansion@2.0.2:
    resolution: {integrity: sha512-Jt0vHyM+jmUBqojB7E1NIYadt0vI0Qxjxd2TErW94wDz+E2LAm5vKMXXwg6ZZBTHPuUlDgQHKXvjGBdfcF1ZDQ==}

  chalk@4.1.2:
    resolution: {integrity: sha512-oKnbhFyRIXpUuez8iBMmyEa4nbj4IOQyuhc/wy9kY7/WVPcwIO9VA668Pu8RkO7+0G76SLROeyw9CpQ061i4mA==}
    engines: {node: '>=10'}

  color-convert@2.0.1:
    resolution: {integrity: sha512-RRECPsj7iu/xb5oKYcsFHSppFNnsj/52OVTRKb4zP5onXwVF3zVmmToNcOfGC+CRDpfK/U584fMg38ZHCaElKQ==}
    engines: {node: '>=7.0.0'}

  color-name@1.1.4:
    resolution: {integrity: sha512-dOy+3AuW3a2wNbZHIuMZpTcgjGuLU/uBL/ubcZF9OXbDo8ff4O8yVp5Bf0efS8uEoYo5q4Fx7dY9OgQGXgAsQA==}

  concat-map@0.0.1:
    resolution: {integrity: sha512-/Srv4dswyQNBfohGpz9o6Yb3Gz3SrUDqBH5rTuhGR7ahtlbYKnVxw2bCFMRljaA7EXHaXZ8wsHdodFvbkhKmqg==}

  ejs@3.1.10:
    resolution: {integrity: sha512-UeJmFfOrAQS8OJWPZ4qtgHyWExa088/MtK5UEyoJGFH67cDEXkZSviOiKRCZ4Xij0zxI3JECgYs3oKx+AizQBA==}
    engines: {node: '>=0.10.0'}
    hasBin: true

  fast-xml-parser@4.4.1:
    resolution: {integrity: sha512-xkjOecfnKGkSsOwtZ5Pz7Us/T6mrbPQrq0nh+aCO5V9nk5NLWmasAHumTKjiPJPWANe+kAZ84Jc8ooJkzZ88Sw==}
    hasBin: true

  filelist@1.0.4:
    resolution: {integrity: sha512-w1cEuf3S+DrLCQL7ET6kz+gmlJdbq9J7yXCSjK/OZCPA+qEN1WyF4ZAf0YYJa4/shHJra2t/d/r8SV4Ji+x+8Q==}

  has-flag@4.0.0:
    resolution: {integrity: sha512-EykJT/Q1KjTWctppgIAgfSO0tKVuZUjhgMr17kqTumMl6Afv3EISleU7qZUzoXDFTAHTDC4NOoG/ZxU3EvlMPQ==}
    engines: {node: '>=8'}

  jake@10.9.2:
    resolution: {integrity: sha512-2P4SQ0HrLQ+fw6llpLnOaGAvN2Zu6778SJMrCUwns4fOoG9ayrTiZk3VV8sCPkVZF8ab0zksVpS8FDY5pRCNBA==}
    engines: {node: '>=10'}
    hasBin: true

  minimatch@3.1.2:
    resolution: {integrity: sha512-J7p63hRiAjw1NDEww1W7i37+ByIrOWO5XQQAzZ3VOcL0PNybwpfmV/N05zFAzwQ9USyEcX6t3UO+K5aqBQOIHw==}

  minimatch@5.1.6:
    resolution: {integrity: sha512-lKwV/1brpG6mBUFHtb7NUmtABCb2WZZmm2wNiOA5hAb8VdCS4B3dtMWyvcoViccwAW/COERjXLt0zP1zXUN26g==}
    engines: {node: '>=10'}

  mnemonist@0.38.3:
    resolution: {integrity: sha512-2K9QYubXx/NAjv4VLq1d1Ly8pWNC5L3BrixtdkyTegXWJIqY+zLNDhhX/A+ZwWt70tB1S8H4BE8FLYEFyNoOBw==}

  obliterator@1.6.1:
    resolution: {integrity: sha512-9WXswnqINnnhOG/5SLimUlzuU1hFJUc8zkwyD59Sd+dPOMf05PmnYG/d6Q7HZ+KmgkZJa1PxRso6QdM3sTNHig==}

  strnum@1.1.2:
    resolution: {integrity: sha512-vrN+B7DBIoTTZjnPNewwhx6cBA/H+IS7rfW68n7XxC1y7uoiGQBxaKzqucGUgavX15dJgiGztLJ8vxuEzwqBdA==}

  supports-color@7.2.0:
    resolution: {integrity: sha512-qpCAvRl9stuOHveKsn7HncJRvv501qIacKzQlO/+Lwxc9+0q2wLyv4Dfvt80/DPn2pqOBsJdDiogXGR9+OvwRw==}
    engines: {node: '>=8'}

  tslib@2.8.1:
    resolution: {integrity: sha512-oJFu94HQb+KVduSUQL7wnpmqnfmLsOA/nAh6b6EH0wCEoK0/mPeXU6c3wKDV83MkOuHPRHtSXKKU99IBazS/2w==}

  uuid@9.0.1:
    resolution: {integrity: sha512-b+1eJOlsR9K8HJpow9Ok3fiWOWSIcIzXodvv0rQjVoOVNpWMpxf1wZNpt4y9h10odCNrqnYp1OBzRktckBe3sA==}
    hasBin: true

  zod@3.25.62:
    resolution: {integrity: sha512-YCxsr4DmhPcrKPC9R1oBHQNlQzlJEyPAId//qTau/vBee9uO8K6prmRq4eMkOyxvBfH4wDPIPdLx9HVMWIY3xA==}

snapshots:

  '@aws-crypto/sha256-browser@5.2.0':
    dependencies:
      '@aws-crypto/sha256-js': 5.2.0
      '@aws-crypto/supports-web-crypto': 5.2.0
      '@aws-crypto/util': 5.2.0
      '@aws-sdk/types': 3.821.0
      '@aws-sdk/util-locate-window': 3.804.0
      '@smithy/util-utf8': 2.3.0
      tslib: 2.8.1

  '@aws-crypto/sha256-js@5.2.0':
    dependencies:
      '@aws-crypto/util': 5.2.0
      '@aws-sdk/types': 3.821.0
      tslib: 2.8.1

  '@aws-crypto/supports-web-crypto@5.2.0':
    dependencies:
      tslib: 2.8.1

  '@aws-crypto/util@5.2.0':
    dependencies:
      '@aws-sdk/types': 3.821.0
      '@smithy/util-utf8': 2.3.0
      tslib: 2.8.1

  '@aws-sdk/client-dynamodb@3.828.0':
    dependencies:
      '@aws-crypto/sha256-browser': 5.2.0
      '@aws-crypto/sha256-js': 5.2.0
      '@aws-sdk/core': 3.826.0
      '@aws-sdk/credential-provider-node': 3.828.0
      '@aws-sdk/middleware-endpoint-discovery': 3.821.0
      '@aws-sdk/middleware-host-header': 3.821.0
      '@aws-sdk/middleware-logger': 3.821.0
      '@aws-sdk/middleware-recursion-detection': 3.821.0
      '@aws-sdk/middleware-user-agent': 3.828.0
      '@aws-sdk/region-config-resolver': 3.821.0
      '@aws-sdk/types': 3.821.0
      '@aws-sdk/util-endpoints': 3.828.0
      '@aws-sdk/util-user-agent-browser': 3.821.0
      '@aws-sdk/util-user-agent-node': 3.828.0
      '@smithy/config-resolver': 4.1.4
      '@smithy/core': 3.5.3
      '@smithy/fetch-http-handler': 5.0.4
      '@smithy/hash-node': 4.0.4
      '@smithy/invalid-dependency': 4.0.4
      '@smithy/middleware-content-length': 4.0.4
      '@smithy/middleware-endpoint': 4.1.11
      '@smithy/middleware-retry': 4.1.12
      '@smithy/middleware-serde': 4.0.8
      '@smithy/middleware-stack': 4.0.4
      '@smithy/node-config-provider': 4.1.3
      '@smithy/node-http-handler': 4.0.6
      '@smithy/protocol-http': 5.1.2
      '@smithy/smithy-client': 4.4.3
      '@smithy/types': 4.3.1
      '@smithy/url-parser': 4.0.4
      '@smithy/util-base64': 4.0.0
      '@smithy/util-body-length-browser': 4.0.0
      '@smithy/util-body-length-node': 4.0.0
      '@smithy/util-defaults-mode-browser': 4.0.19
      '@smithy/util-defaults-mode-node': 4.0.19
      '@smithy/util-endpoints': 3.0.6
      '@smithy/util-middleware': 4.0.4
      '@smithy/util-retry': 4.0.5
      '@smithy/util-utf8': 4.0.0
      '@smithy/util-waiter': 4.0.5
      '@types/uuid': 9.0.8
      tslib: 2.8.1
      uuid: 9.0.1
    transitivePeerDependencies:
      - aws-crt

  '@aws-sdk/client-sso@3.828.0':
    dependencies:
      '@aws-crypto/sha256-browser': 5.2.0
      '@aws-crypto/sha256-js': 5.2.0
      '@aws-sdk/core': 3.826.0
      '@aws-sdk/middleware-host-header': 3.821.0
      '@aws-sdk/middleware-logger': 3.821.0
      '@aws-sdk/middleware-recursion-detection': 3.821.0
      '@aws-sdk/middleware-user-agent': 3.828.0
      '@aws-sdk/region-config-resolver': 3.821.0
      '@aws-sdk/types': 3.821.0
      '@aws-sdk/util-endpoints': 3.828.0
      '@aws-sdk/util-user-agent-browser': 3.821.0
      '@aws-sdk/util-user-agent-node': 3.828.0
      '@smithy/config-resolver': 4.1.4
      '@smithy/core': 3.5.3
      '@smithy/fetch-http-handler': 5.0.4
      '@smithy/hash-node': 4.0.4
      '@smithy/invalid-dependency': 4.0.4
      '@smithy/middleware-content-length': 4.0.4
      '@smithy/middleware-endpoint': 4.1.11
      '@smithy/middleware-retry': 4.1.12
      '@smithy/middleware-serde': 4.0.8
      '@smithy/middleware-stack': 4.0.4
      '@smithy/node-config-provider': 4.1.3
      '@smithy/node-http-handler': 4.0.6
      '@smithy/protocol-http': 5.1.2
      '@smithy/smithy-client': 4.4.3
      '@smithy/types': 4.3.1
      '@smithy/url-parser': 4.0.4
      '@smithy/util-base64': 4.0.0
      '@smithy/util-body-length-browser': 4.0.0
      '@smithy/util-body-length-node': 4.0.0
      '@smithy/util-defaults-mode-browser': 4.0.19
      '@smithy/util-defaults-mode-node': 4.0.19
      '@smithy/util-endpoints': 3.0.6
      '@smithy/util-middleware': 4.0.4
      '@smithy/util-retry': 4.0.5
      '@smithy/util-utf8': 4.0.0
      tslib: 2.8.1
    transitivePeerDependencies:
      - aws-crt

  '@aws-sdk/core@3.826.0':
    dependencies:
      '@aws-sdk/types': 3.821.0
      '@aws-sdk/xml-builder': 3.821.0
      '@smithy/core': 3.5.3
      '@smithy/node-config-provider': 4.1.3
      '@smithy/property-provider': 4.0.4
      '@smithy/protocol-http': 5.1.2
      '@smithy/signature-v4': 5.1.2
      '@smithy/smithy-client': 4.4.3
      '@smithy/types': 4.3.1
      '@smithy/util-base64': 4.0.0
      '@smithy/util-body-length-browser': 4.0.0
      '@smithy/util-middleware': 4.0.4
      '@smithy/util-utf8': 4.0.0
      fast-xml-parser: 4.4.1
      tslib: 2.8.1

  '@aws-sdk/credential-provider-env@3.826.0':
    dependencies:
      '@aws-sdk/core': 3.826.0
      '@aws-sdk/types': 3.821.0
      '@smithy/property-provider': 4.0.4
      '@smithy/types': 4.3.1
      tslib: 2.8.1

  '@aws-sdk/credential-provider-http@3.826.0':
    dependencies:
      '@aws-sdk/core': 3.826.0
      '@aws-sdk/types': 3.821.0
      '@smithy/fetch-http-handler': 5.0.4
      '@smithy/node-http-handler': 4.0.6
      '@smithy/property-provider': 4.0.4
      '@smithy/protocol-http': 5.1.2
      '@smithy/smithy-client': 4.4.3
      '@smithy/types': 4.3.1
      '@smithy/util-stream': 4.2.2
      tslib: 2.8.1

  '@aws-sdk/credential-provider-ini@3.828.0':
    dependencies:
      '@aws-sdk/core': 3.826.0
      '@aws-sdk/credential-provider-env': 3.826.0
      '@aws-sdk/credential-provider-http': 3.826.0
      '@aws-sdk/credential-provider-process': 3.826.0
      '@aws-sdk/credential-provider-sso': 3.828.0
      '@aws-sdk/credential-provider-web-identity': 3.828.0
      '@aws-sdk/nested-clients': 3.828.0
      '@aws-sdk/types': 3.821.0
      '@smithy/credential-provider-imds': 4.0.6
      '@smithy/property-provider': 4.0.4
      '@smithy/shared-ini-file-loader': 4.0.4
      '@smithy/types': 4.3.1
      tslib: 2.8.1
    transitivePeerDependencies:
      - aws-crt

  '@aws-sdk/credential-provider-node@3.828.0':
    dependencies:
      '@aws-sdk/credential-provider-env': 3.826.0
      '@aws-sdk/credential-provider-http': 3.826.0
      '@aws-sdk/credential-provider-ini': 3.828.0
      '@aws-sdk/credential-provider-process': 3.826.0
      '@aws-sdk/credential-provider-sso': 3.828.0
      '@aws-sdk/credential-provider-web-identity': 3.828.0
      '@aws-sdk/types': 3.821.0
      '@smithy/credential-provider-imds': 4.0.6
      '@smithy/property-provider': 4.0.4
      '@smithy/shared-ini-file-loader': 4.0.4
      '@smithy/types': 4.3.1
      tslib: 2.8.1
    transitivePeerDependencies:
      - aws-crt

  '@aws-sdk/credential-provider-process@3.826.0':
    dependencies:
      '@aws-sdk/core': 3.826.0
      '@aws-sdk/types': 3.821.0
      '@smithy/property-provider': 4.0.4
      '@smithy/shared-ini-file-loader': 4.0.4
      '@smithy/types': 4.3.1
      tslib: 2.8.1

  '@aws-sdk/credential-provider-sso@3.828.0':
    dependencies:
      '@aws-sdk/client-sso': 3.828.0
      '@aws-sdk/core': 3.826.0
      '@aws-sdk/token-providers': 3.828.0
      '@aws-sdk/types': 3.821.0
      '@smithy/property-provider': 4.0.4
      '@smithy/shared-ini-file-loader': 4.0.4
      '@smithy/types': 4.3.1
      tslib: 2.8.1
    transitivePeerDependencies:
      - aws-crt

  '@aws-sdk/credential-provider-web-identity@3.828.0':
    dependencies:
      '@aws-sdk/core': 3.826.0
      '@aws-sdk/nested-clients': 3.828.0
      '@aws-sdk/types': 3.821.0
      '@smithy/property-provider': 4.0.4
      '@smithy/types': 4.3.1
      tslib: 2.8.1
    transitivePeerDependencies:
      - aws-crt

  '@aws-sdk/endpoint-cache@3.804.0':
    dependencies:
      mnemonist: 0.38.3
      tslib: 2.8.1

  '@aws-sdk/lib-dynamodb@3.828.0(@aws-sdk/client-dynamodb@3.828.0)':
    dependencies:
      '@aws-sdk/client-dynamodb': 3.828.0
      '@aws-sdk/core': 3.826.0
      '@aws-sdk/util-dynamodb': 3.828.0(@aws-sdk/client-dynamodb@3.828.0)
      '@smithy/core': 3.5.3
      '@smithy/smithy-client': 4.4.3
      '@smithy/types': 4.3.1
      tslib: 2.8.1

  '@aws-sdk/middleware-endpoint-discovery@3.821.0':
    dependencies:
      '@aws-sdk/endpoint-cache': 3.804.0
      '@aws-sdk/types': 3.821.0
      '@smithy/node-config-provider': 4.1.3
      '@smithy/protocol-http': 5.1.2
      '@smithy/types': 4.3.1
      tslib: 2.8.1

  '@aws-sdk/middleware-host-header@3.821.0':
    dependencies:
      '@aws-sdk/types': 3.821.0
      '@smithy/protocol-http': 5.1.2
      '@smithy/types': 4.3.1
      tslib: 2.8.1

  '@aws-sdk/middleware-logger@3.821.0':
    dependencies:
      '@aws-sdk/types': 3.821.0
      '@smithy/types': 4.3.1
      tslib: 2.8.1

  '@aws-sdk/middleware-recursion-detection@3.821.0':
    dependencies:
      '@aws-sdk/types': 3.821.0
      '@smithy/protocol-http': 5.1.2
      '@smithy/types': 4.3.1
      tslib: 2.8.1

  '@aws-sdk/middleware-user-agent@3.828.0':
    dependencies:
      '@aws-sdk/core': 3.826.0
      '@aws-sdk/types': 3.821.0
      '@aws-sdk/util-endpoints': 3.828.0
      '@smithy/core': 3.5.3
      '@smithy/protocol-http': 5.1.2
      '@smithy/types': 4.3.1
      tslib: 2.8.1

  '@aws-sdk/nested-clients@3.828.0':
    dependencies:
      '@aws-crypto/sha256-browser': 5.2.0
      '@aws-crypto/sha256-js': 5.2.0
      '@aws-sdk/core': 3.826.0
      '@aws-sdk/middleware-host-header': 3.821.0
      '@aws-sdk/middleware-logger': 3.821.0
      '@aws-sdk/middleware-recursion-detection': 3.821.0
      '@aws-sdk/middleware-user-agent': 3.828.0
      '@aws-sdk/region-config-resolver': 3.821.0
      '@aws-sdk/types': 3.821.0
      '@aws-sdk/util-endpoints': 3.828.0
      '@aws-sdk/util-user-agent-browser': 3.821.0
      '@aws-sdk/util-user-agent-node': 3.828.0
      '@smithy/config-resolver': 4.1.4
      '@smithy/core': 3.5.3
      '@smithy/fetch-http-handler': 5.0.4
      '@smithy/hash-node': 4.0.4
      '@smithy/invalid-dependency': 4.0.4
      '@smithy/middleware-content-length': 4.0.4
      '@smithy/middleware-endpoint': 4.1.11
      '@smithy/middleware-retry': 4.1.12
      '@smithy/middleware-serde': 4.0.8
      '@smithy/middleware-stack': 4.0.4
      '@smithy/node-config-provider': 4.1.3
      '@smithy/node-http-handler': 4.0.6
      '@smithy/protocol-http': 5.1.2
      '@smithy/smithy-client': 4.4.3
      '@smithy/types': 4.3.1
      '@smithy/url-parser': 4.0.4
      '@smithy/util-base64': 4.0.0
      '@smithy/util-body-length-browser': 4.0.0
      '@smithy/util-body-length-node': 4.0.0
      '@smithy/util-defaults-mode-browser': 4.0.19
      '@smithy/util-defaults-mode-node': 4.0.19
      '@smithy/util-endpoints': 3.0.6
      '@smithy/util-middleware': 4.0.4
      '@smithy/util-retry': 4.0.5
      '@smithy/util-utf8': 4.0.0
      tslib: 2.8.1
    transitivePeerDependencies:
      - aws-crt

  '@aws-sdk/region-config-resolver@3.821.0':
    dependencies:
      '@aws-sdk/types': 3.821.0
      '@smithy/node-config-provider': 4.1.3
      '@smithy/types': 4.3.1
      '@smithy/util-config-provider': 4.0.0
      '@smithy/util-middleware': 4.0.4
      tslib: 2.8.1

  '@aws-sdk/token-providers@3.828.0':
    dependencies:
      '@aws-sdk/core': 3.826.0
      '@aws-sdk/nested-clients': 3.828.0
      '@aws-sdk/types': 3.821.0
      '@smithy/property-provider': 4.0.4
      '@smithy/shared-ini-file-loader': 4.0.4
      '@smithy/types': 4.3.1
      tslib: 2.8.1
    transitivePeerDependencies:
      - aws-crt

  '@aws-sdk/types@3.821.0':
    dependencies:
      '@smithy/types': 4.3.1
      tslib: 2.8.1

  '@aws-sdk/util-dynamodb@3.828.0(@aws-sdk/client-dynamodb@3.828.0)':
    dependencies:
      '@aws-sdk/client-dynamodb': 3.828.0
      tslib: 2.8.1

  '@aws-sdk/util-endpoints@3.828.0':
    dependencies:
      '@aws-sdk/types': 3.821.0
      '@smithy/types': 4.3.1
      '@smithy/util-endpoints': 3.0.6
      tslib: 2.8.1

  '@aws-sdk/util-locate-window@3.804.0':
    dependencies:
      tslib: 2.8.1

  '@aws-sdk/util-user-agent-browser@3.821.0':
    dependencies:
      '@aws-sdk/types': 3.821.0
      '@smithy/types': 4.3.1
      bowser: 2.11.0
      tslib: 2.8.1

  '@aws-sdk/util-user-agent-node@3.828.0':
    dependencies:
      '@aws-sdk/middleware-user-agent': 3.828.0
      '@aws-sdk/types': 3.821.0
      '@smithy/node-config-provider': 4.1.3
      '@smithy/types': 4.3.1
      tslib: 2.8.1

  '@aws-sdk/xml-builder@3.821.0':
    dependencies:
      '@smithy/types': 4.3.1
      tslib: 2.8.1

  '@smithy/abort-controller@4.0.4':
    dependencies:
      '@smithy/types': 4.3.1
      tslib: 2.8.1

  '@smithy/config-resolver@4.1.4':
    dependencies:
      '@smithy/node-config-provider': 4.1.3
      '@smithy/types': 4.3.1
      '@smithy/util-config-provider': 4.0.0
      '@smithy/util-middleware': 4.0.4
      tslib: 2.8.1

  '@smithy/core@3.5.3':
    dependencies:
      '@smithy/middleware-serde': 4.0.8
      '@smithy/protocol-http': 5.1.2
      '@smithy/types': 4.3.1
      '@smithy/util-base64': 4.0.0
      '@smithy/util-body-length-browser': 4.0.0
      '@smithy/util-middleware': 4.0.4
      '@smithy/util-stream': 4.2.2
      '@smithy/util-utf8': 4.0.0
      tslib: 2.8.1

  '@smithy/credential-provider-imds@4.0.6':
    dependencies:
      '@smithy/node-config-provider': 4.1.3
      '@smithy/property-provider': 4.0.4
      '@smithy/types': 4.3.1
      '@smithy/url-parser': 4.0.4
      tslib: 2.8.1

  '@smithy/fetch-http-handler@5.0.4':
    dependencies:
      '@smithy/protocol-http': 5.1.2
      '@smithy/querystring-builder': 4.0.4
      '@smithy/types': 4.3.1
      '@smithy/util-base64': 4.0.0
      tslib: 2.8.1

  '@smithy/hash-node@4.0.4':
    dependencies:
      '@smithy/types': 4.3.1
      '@smithy/util-buffer-from': 4.0.0
      '@smithy/util-utf8': 4.0.0
      tslib: 2.8.1

  '@smithy/invalid-dependency@4.0.4':
    dependencies:
      '@smithy/types': 4.3.1
      tslib: 2.8.1

  '@smithy/is-array-buffer@2.2.0':
    dependencies:
      tslib: 2.8.1

  '@smithy/is-array-buffer@4.0.0':
    dependencies:
      tslib: 2.8.1

  '@smithy/middleware-content-length@4.0.4':
    dependencies:
      '@smithy/protocol-http': 5.1.2
      '@smithy/types': 4.3.1
      tslib: 2.8.1

  '@smithy/middleware-endpoint@4.1.11':
    dependencies:
      '@smithy/core': 3.5.3
      '@smithy/middleware-serde': 4.0.8
      '@smithy/node-config-provider': 4.1.3
      '@smithy/shared-ini-file-loader': 4.0.4
      '@smithy/types': 4.3.1
      '@smithy/url-parser': 4.0.4
      '@smithy/util-middleware': 4.0.4
      tslib: 2.8.1

  '@smithy/middleware-retry@4.1.12':
    dependencies:
      '@smithy/node-config-provider': 4.1.3
      '@smithy/protocol-http': 5.1.2
      '@smithy/service-error-classification': 4.0.5
      '@smithy/smithy-client': 4.4.3
      '@smithy/types': 4.3.1
      '@smithy/util-middleware': 4.0.4
      '@smithy/util-retry': 4.0.5
      tslib: 2.8.1
      uuid: 9.0.1

  '@smithy/middleware-serde@4.0.8':
    dependencies:
      '@smithy/protocol-http': 5.1.2
      '@smithy/types': 4.3.1
      tslib: 2.8.1

  '@smithy/middleware-stack@4.0.4':
    dependencies:
      '@smithy/types': 4.3.1
      tslib: 2.8.1

  '@smithy/node-config-provider@4.1.3':
    dependencies:
      '@smithy/property-provider': 4.0.4
      '@smithy/shared-ini-file-loader': 4.0.4
      '@smithy/types': 4.3.1
      tslib: 2.8.1

  '@smithy/node-http-handler@4.0.6':
    dependencies:
      '@smithy/abort-controller': 4.0.4
      '@smithy/protocol-http': 5.1.2
      '@smithy/querystring-builder': 4.0.4
      '@smithy/types': 4.3.1
      tslib: 2.8.1

  '@smithy/property-provider@4.0.4':
    dependencies:
      '@smithy/types': 4.3.1
      tslib: 2.8.1

  '@smithy/protocol-http@5.1.2':
    dependencies:
      '@smithy/types': 4.3.1
      tslib: 2.8.1

  '@smithy/querystring-builder@4.0.4':
    dependencies:
      '@smithy/types': 4.3.1
      '@smithy/util-uri-escape': 4.0.0
      tslib: 2.8.1

  '@smithy/querystring-parser@4.0.4':
    dependencies:
      '@smithy/types': 4.3.1
      tslib: 2.8.1

  '@smithy/service-error-classification@4.0.5':
    dependencies:
      '@smithy/types': 4.3.1

  '@smithy/shared-ini-file-loader@4.0.4':
    dependencies:
      '@smithy/types': 4.3.1
      tslib: 2.8.1

  '@smithy/signature-v4@5.1.2':
    dependencies:
      '@smithy/is-array-buffer': 4.0.0
      '@smithy/protocol-http': 5.1.2
      '@smithy/types': 4.3.1
      '@smithy/util-hex-encoding': 4.0.0
      '@smithy/util-middleware': 4.0.4
      '@smithy/util-uri-escape': 4.0.0
      '@smithy/util-utf8': 4.0.0
      tslib: 2.8.1

  '@smithy/smithy-client@4.4.3':
    dependencies:
      '@smithy/core': 3.5.3
      '@smithy/middleware-endpoint': 4.1.11
      '@smithy/middleware-stack': 4.0.4
      '@smithy/protocol-http': 5.1.2
      '@smithy/types': 4.3.1
      '@smithy/util-stream': 4.2.2
      tslib: 2.8.1

  '@smithy/types@4.3.1':
    dependencies:
      tslib: 2.8.1

  '@smithy/url-parser@4.0.4':
    dependencies:
      '@smithy/querystring-parser': 4.0.4
      '@smithy/types': 4.3.1
      tslib: 2.8.1

  '@smithy/util-base64@4.0.0':
    dependencies:
      '@smithy/util-buffer-from': 4.0.0
      '@smithy/util-utf8': 4.0.0
      tslib: 2.8.1

  '@smithy/util-body-length-browser@4.0.0':
    dependencies:
      tslib: 2.8.1

  '@smithy/util-body-length-node@4.0.0':
    dependencies:
      tslib: 2.8.1

  '@smithy/util-buffer-from@2.2.0':
    dependencies:
      '@smithy/is-array-buffer': 2.2.0
      tslib: 2.8.1

  '@smithy/util-buffer-from@4.0.0':
    dependencies:
      '@smithy/is-array-buffer': 4.0.0
      tslib: 2.8.1

  '@smithy/util-config-provider@4.0.0':
    dependencies:
      tslib: 2.8.1

  '@smithy/util-defaults-mode-browser@4.0.19':
    dependencies:
      '@smithy/property-provider': 4.0.4
      '@smithy/smithy-client': 4.4.3
      '@smithy/types': 4.3.1
      bowser: 2.11.0
      tslib: 2.8.1

  '@smithy/util-defaults-mode-node@4.0.19':
    dependencies:
      '@smithy/config-resolver': 4.1.4
      '@smithy/credential-provider-imds': 4.0.6
      '@smithy/node-config-provider': 4.1.3
      '@smithy/property-provider': 4.0.4
      '@smithy/smithy-client': 4.4.3
      '@smithy/types': 4.3.1
      tslib: 2.8.1

  '@smithy/util-endpoints@3.0.6':
    dependencies:
      '@smithy/node-config-provider': 4.1.3
      '@smithy/types': 4.3.1
      tslib: 2.8.1

  '@smithy/util-hex-encoding@4.0.0':
    dependencies:
      tslib: 2.8.1

  '@smithy/util-middleware@4.0.4':
    dependencies:
      '@smithy/types': 4.3.1
      tslib: 2.8.1

  '@smithy/util-retry@4.0.5':
    dependencies:
      '@smithy/service-error-classification': 4.0.5
      '@smithy/types': 4.3.1
      tslib: 2.8.1

  '@smithy/util-stream@4.2.2':
    dependencies:
      '@smithy/fetch-http-handler': 5.0.4
      '@smithy/node-http-handler': 4.0.6
      '@smithy/types': 4.3.1
      '@smithy/util-base64': 4.0.0
      '@smithy/util-buffer-from': 4.0.0
      '@smithy/util-hex-encoding': 4.0.0
      '@smithy/util-utf8': 4.0.0
      tslib: 2.8.1

  '@smithy/util-uri-escape@4.0.0':
    dependencies:
      tslib: 2.8.1

  '@smithy/util-utf8@2.3.0':
    dependencies:
      '@smithy/util-buffer-from': 2.2.0
      tslib: 2.8.1

  '@smithy/util-utf8@4.0.0':
    dependencies:
      '@smithy/util-buffer-from': 4.0.0
      tslib: 2.8.1

  '@smithy/util-waiter@4.0.5':
    dependencies:
      '@smithy/abort-controller': 4.0.4
      '@smithy/types': 4.3.1
      tslib: 2.8.1

  '@types/uuid@9.0.8': {}

  ansi-styles@4.3.0:
    dependencies:
      color-convert: 2.0.1

  async@3.2.6: {}

  balanced-match@1.0.2: {}

  bowser@2.11.0: {}

  brace-expansion@1.1.12:
    dependencies:
      balanced-match: 1.0.2
      concat-map: 0.0.1

  brace-expansion@2.0.2:
    dependencies:
      balanced-match: 1.0.2

  chalk@4.1.2:
    dependencies:
      ansi-styles: 4.3.0
      supports-color: 7.2.0

  color-convert@2.0.1:
    dependencies:
      color-name: 1.1.4

  color-name@1.1.4: {}

  concat-map@0.0.1: {}

  ejs@3.1.10:
    dependencies:
      jake: 10.9.2

  fast-xml-parser@4.4.1:
    dependencies:
      strnum: 1.1.2

  filelist@1.0.4:
    dependencies:
      minimatch: 5.1.6

  has-flag@4.0.0: {}

  jake@10.9.2:
    dependencies:
      async: 3.2.6
      chalk: 4.1.2
      filelist: 1.0.4
      minimatch: 3.1.2

  minimatch@3.1.2:
    dependencies:
      brace-expansion: 1.1.12

  minimatch@5.1.6:
    dependencies:
      brace-expansion: 2.0.2

  mnemonist@0.38.3:
    dependencies:
      obliterator: 1.6.1

  obliterator@1.6.1: {}

  strnum@1.1.2: {}

  supports-color@7.2.0:
    dependencies:
      has-flag: 4.0.0

  tslib@2.8.1: {}

  uuid@9.0.1: {}

  zod@3.25.62: {}
