lockfileVersion: '6.0'

settings:
  autoInstallPeers: true
  excludeLinksFromLockfile: false

dependencies:
  '@aws-sdk/client-dynamodb':
    specifier: ^3.857.0
    version: 3.857.0
  '@aws-sdk/lib-dynamodb':
    specifier: ^3.417.0
    version: 3.417.0(@aws-sdk/client-dynamodb@3.857.0)
  ejs:
    specifier: ^3.1.9
    version: 3.1.9
  zod:
    specifier: ^3.22.2
    version: 3.22.2

packages:

  /@aws-crypto/sha256-browser@5.2.0:
    resolution: {integrity: sha512-AXfN/lGotSQwu6HNcEsIASo7kWXZ5HYWvfOmSNKDsEqC4OashTp8alTmaz+F7TC2L083SFv5RdB+qU3Vs1kZqw==}
    dependencies:
      '@aws-crypto/sha256-js': 5.2.0
      '@aws-crypto/supports-web-crypto': 5.2.0
      '@aws-crypto/util': 5.2.0
      '@aws-sdk/types': 3.840.0
      '@aws-sdk/util-locate-window': 3.804.0
      '@smithy/util-utf8': 2.3.0
      tslib: 2.8.1
    dev: false

  /@aws-crypto/sha256-js@5.2.0:
    resolution: {integrity: sha512-FFQQyu7edu4ufvIZ+OadFpHHOt+eSTBaYaki44c+akjg7qZg9oOQeLlk77F6tSYqjDAFClrHJk9tMf0HdVyOvA==}
    engines: {node: '>=16.0.0'}
    dependencies:
      '@aws-crypto/util': 5.2.0
      '@aws-sdk/types': 3.840.0
      tslib: 2.8.1
    dev: false

  /@aws-crypto/supports-web-crypto@5.2.0:
    resolution: {integrity: sha512-iAvUotm021kM33eCdNfwIN//F77/IADDSs58i+MDaOqFrVjZo9bAal0NK7HurRuWLLpF1iLX7gbWrjHjeo+YFg==}
    dependencies:
      tslib: 2.8.1
    dev: false

  /@aws-crypto/util@5.2.0:
    resolution: {integrity: sha512-4RkU9EsI6ZpBve5fseQlGNUWKMa1RLPQ1dnjnQoe07ldfIzcsGb5hC5W0Dm7u423KWzawlrpbjXBrXCEv9zazQ==}
    dependencies:
      '@aws-sdk/types': 3.840.0
      '@smithy/util-utf8': 2.3.0
      tslib: 2.8.1
    dev: false

  /@aws-sdk/client-dynamodb@3.857.0:
    resolution: {integrity: sha512-LnTNiaycQwUE2fpQZW7DU4hgyVOAvBTQd1pouo3V7gklUtCafTf/q7vLMEVoe0uG2YYs1HXUlHo+GT71LM+Xew==}
    engines: {node: '>=18.0.0'}
    dependencies:
      '@aws-crypto/sha256-browser': 5.2.0
      '@aws-crypto/sha256-js': 5.2.0
      '@aws-sdk/core': 3.857.0
      '@aws-sdk/credential-provider-node': 3.857.0
      '@aws-sdk/middleware-endpoint-discovery': 3.840.0
      '@aws-sdk/middleware-host-header': 3.840.0
      '@aws-sdk/middleware-logger': 3.840.0
      '@aws-sdk/middleware-recursion-detection': 3.840.0
      '@aws-sdk/middleware-user-agent': 3.857.0
      '@aws-sdk/region-config-resolver': 3.840.0
      '@aws-sdk/types': 3.840.0
      '@aws-sdk/util-endpoints': 3.848.0
      '@aws-sdk/util-user-agent-browser': 3.840.0
      '@aws-sdk/util-user-agent-node': 3.857.0
      '@smithy/config-resolver': 4.1.4
      '@smithy/core': 3.7.2
      '@smithy/fetch-http-handler': 5.1.0
      '@smithy/hash-node': 4.0.4
      '@smithy/invalid-dependency': 4.0.4
      '@smithy/middleware-content-length': 4.0.4
      '@smithy/middleware-endpoint': 4.1.17
      '@smithy/middleware-retry': 4.1.18
      '@smithy/middleware-serde': 4.0.8
      '@smithy/middleware-stack': 4.0.4
      '@smithy/node-config-provider': 4.1.3
      '@smithy/node-http-handler': 4.1.0
      '@smithy/protocol-http': 5.1.2
      '@smithy/smithy-client': 4.4.9
      '@smithy/types': 4.3.1
      '@smithy/url-parser': 4.0.4
      '@smithy/util-base64': 4.0.0
      '@smithy/util-body-length-browser': 4.0.0
      '@smithy/util-body-length-node': 4.0.0
      '@smithy/util-defaults-mode-browser': 4.0.25
      '@smithy/util-defaults-mode-node': 4.0.25
      '@smithy/util-endpoints': 3.0.6
      '@smithy/util-middleware': 4.0.4
      '@smithy/util-retry': 4.0.6
      '@smithy/util-utf8': 4.0.0
      '@smithy/util-waiter': 4.0.6
      '@types/uuid': 9.0.8
      tslib: 2.8.1
      uuid: 9.0.1
    transitivePeerDependencies:
      - aws-crt
    dev: false

  /@aws-sdk/client-sso@3.857.0:
    resolution: {integrity: sha512-0jXF4YJ3mGspNsxOU1rdk1uTtm/xadSWvgU+JQb2YCnallEDeT/Kahlyg4GOzPDj0UnnYWsD2s1Hx82O08SbiQ==}
    engines: {node: '>=18.0.0'}
    dependencies:
      '@aws-crypto/sha256-browser': 5.2.0
      '@aws-crypto/sha256-js': 5.2.0
      '@aws-sdk/core': 3.857.0
      '@aws-sdk/middleware-host-header': 3.840.0
      '@aws-sdk/middleware-logger': 3.840.0
      '@aws-sdk/middleware-recursion-detection': 3.840.0
      '@aws-sdk/middleware-user-agent': 3.857.0
      '@aws-sdk/region-config-resolver': 3.840.0
      '@aws-sdk/types': 3.840.0
      '@aws-sdk/util-endpoints': 3.848.0
      '@aws-sdk/util-user-agent-browser': 3.840.0
      '@aws-sdk/util-user-agent-node': 3.857.0
      '@smithy/config-resolver': 4.1.4
      '@smithy/core': 3.7.2
      '@smithy/fetch-http-handler': 5.1.0
      '@smithy/hash-node': 4.0.4
      '@smithy/invalid-dependency': 4.0.4
      '@smithy/middleware-content-length': 4.0.4
      '@smithy/middleware-endpoint': 4.1.17
      '@smithy/middleware-retry': 4.1.18
      '@smithy/middleware-serde': 4.0.8
      '@smithy/middleware-stack': 4.0.4
      '@smithy/node-config-provider': 4.1.3
      '@smithy/node-http-handler': 4.1.0
      '@smithy/protocol-http': 5.1.2
      '@smithy/smithy-client': 4.4.9
      '@smithy/types': 4.3.1
      '@smithy/url-parser': 4.0.4
      '@smithy/util-base64': 4.0.0
      '@smithy/util-body-length-browser': 4.0.0
      '@smithy/util-body-length-node': 4.0.0
      '@smithy/util-defaults-mode-browser': 4.0.25
      '@smithy/util-defaults-mode-node': 4.0.25
      '@smithy/util-endpoints': 3.0.6
      '@smithy/util-middleware': 4.0.4
      '@smithy/util-retry': 4.0.6
      '@smithy/util-utf8': 4.0.0
      tslib: 2.8.1
    transitivePeerDependencies:
      - aws-crt
    dev: false

  /@aws-sdk/core@3.857.0:
    resolution: {integrity: sha512-mgtjKignFcCl19TS6vKbC3e9jtogg6S38a0HFFWjcqMCUAskM+ZROickVTKsYeAk7FoYa2++YkM0qz8J/yteVA==}
    engines: {node: '>=18.0.0'}
    dependencies:
      '@aws-sdk/types': 3.840.0
      '@aws-sdk/xml-builder': 3.821.0
      '@smithy/core': 3.7.2
      '@smithy/node-config-provider': 4.1.3
      '@smithy/property-provider': 4.0.4
      '@smithy/protocol-http': 5.1.2
      '@smithy/signature-v4': 5.1.2
      '@smithy/smithy-client': 4.4.9
      '@smithy/types': 4.3.1
      '@smithy/util-base64': 4.0.0
      '@smithy/util-body-length-browser': 4.0.0
      '@smithy/util-middleware': 4.0.4
      '@smithy/util-utf8': 4.0.0
      fast-xml-parser: 5.2.5
      tslib: 2.8.1
    dev: false

  /@aws-sdk/credential-provider-env@3.857.0:
    resolution: {integrity: sha512-i9NjopufQc7mrJr2lVU4DU5cLGJQ1wNEucnP6XcpCozbJfGJExU9o/VY27qU/pI8V0zK428KXuABuN70Qb+xkw==}
    engines: {node: '>=18.0.0'}
    dependencies:
      '@aws-sdk/core': 3.857.0
      '@aws-sdk/types': 3.840.0
      '@smithy/property-provider': 4.0.4
      '@smithy/types': 4.3.1
      tslib: 2.8.1
    dev: false

  /@aws-sdk/credential-provider-http@3.857.0:
    resolution: {integrity: sha512-Ig1dwbn+vO7Fo+2uznZ6Pv0xoLIWz6ndzJygn2eR2MRi6LvZSnTZqbeovjJeoEzWO2xFdK++SyjS7aEuAMAmzw==}
    engines: {node: '>=18.0.0'}
    dependencies:
      '@aws-sdk/core': 3.857.0
      '@aws-sdk/types': 3.840.0
      '@smithy/fetch-http-handler': 5.1.0
      '@smithy/node-http-handler': 4.1.0
      '@smithy/property-provider': 4.0.4
      '@smithy/protocol-http': 5.1.2
      '@smithy/smithy-client': 4.4.9
      '@smithy/types': 4.3.1
      '@smithy/util-stream': 4.2.3
      tslib: 2.8.1
    dev: false

  /@aws-sdk/credential-provider-ini@3.857.0:
    resolution: {integrity: sha512-w24ABs913sweDFz0aX/PGEfK1jgpV21a2E8p78ueSkQ7Fb7ELVzsv1C16ESFDDF++P4KVkxNQrjRuKw/5+T7ug==}
    engines: {node: '>=18.0.0'}
    dependencies:
      '@aws-sdk/core': 3.857.0
      '@aws-sdk/credential-provider-env': 3.857.0
      '@aws-sdk/credential-provider-http': 3.857.0
      '@aws-sdk/credential-provider-process': 3.857.0
      '@aws-sdk/credential-provider-sso': 3.857.0
      '@aws-sdk/credential-provider-web-identity': 3.857.0
      '@aws-sdk/nested-clients': 3.857.0
      '@aws-sdk/types': 3.840.0
      '@smithy/credential-provider-imds': 4.0.6
      '@smithy/property-provider': 4.0.4
      '@smithy/shared-ini-file-loader': 4.0.4
      '@smithy/types': 4.3.1
      tslib: 2.8.1
    transitivePeerDependencies:
      - aws-crt
    dev: false

  /@aws-sdk/credential-provider-node@3.857.0:
    resolution: {integrity: sha512-4ulf6NmbGrE1S+8eAHZQ/krvd441KdKvpT3bFoTsg+89YlGwobW+C+vy94qQBx0iKbqkILbLeFF2F/Bf/ACnmw==}
    engines: {node: '>=18.0.0'}
    dependencies:
      '@aws-sdk/credential-provider-env': 3.857.0
      '@aws-sdk/credential-provider-http': 3.857.0
      '@aws-sdk/credential-provider-ini': 3.857.0
      '@aws-sdk/credential-provider-process': 3.857.0
      '@aws-sdk/credential-provider-sso': 3.857.0
      '@aws-sdk/credential-provider-web-identity': 3.857.0
      '@aws-sdk/types': 3.840.0
      '@smithy/credential-provider-imds': 4.0.6
      '@smithy/property-provider': 4.0.4
      '@smithy/shared-ini-file-loader': 4.0.4
      '@smithy/types': 4.3.1
      tslib: 2.8.1
    transitivePeerDependencies:
      - aws-crt
    dev: false

  /@aws-sdk/credential-provider-process@3.857.0:
    resolution: {integrity: sha512-WLSLM4+vDyrjT+aeaiUHkAxUXUSQSXIQT8ZoS7RHo2BvTlpBOJY9nxvcmKWNCQ2hW2AhVjqBeMjVz3u3fFhoJQ==}
    engines: {node: '>=18.0.0'}
    dependencies:
      '@aws-sdk/core': 3.857.0
      '@aws-sdk/types': 3.840.0
      '@smithy/property-provider': 4.0.4
      '@smithy/shared-ini-file-loader': 4.0.4
      '@smithy/types': 4.3.1
      tslib: 2.8.1
    dev: false

  /@aws-sdk/credential-provider-sso@3.857.0:
    resolution: {integrity: sha512-OfbkZ//9+nC2HH+3cbjjQz4d4ODQsFml38mPvwq7FSiVrUR7hxgE7OQael4urqKVWLEqFt6/PCr+QZq0J4dJ1A==}
    engines: {node: '>=18.0.0'}
    dependencies:
      '@aws-sdk/client-sso': 3.857.0
      '@aws-sdk/core': 3.857.0
      '@aws-sdk/token-providers': 3.857.0
      '@aws-sdk/types': 3.840.0
      '@smithy/property-provider': 4.0.4
      '@smithy/shared-ini-file-loader': 4.0.4
      '@smithy/types': 4.3.1
      tslib: 2.8.1
    transitivePeerDependencies:
      - aws-crt
    dev: false

  /@aws-sdk/credential-provider-web-identity@3.857.0:
    resolution: {integrity: sha512-aj1QbOyhu+bl+gsgIpMuvVRJa1LkgwHzyu6lzjCrPxuPO6ytHDMmii+QUyM9P5K3Xk6fT/JGposhMFB5AtI+Og==}
    engines: {node: '>=18.0.0'}
    dependencies:
      '@aws-sdk/core': 3.857.0
      '@aws-sdk/nested-clients': 3.857.0
      '@aws-sdk/types': 3.840.0
      '@smithy/property-provider': 4.0.4
      '@smithy/types': 4.3.1
      tslib: 2.8.1
    transitivePeerDependencies:
      - aws-crt
    dev: false

  /@aws-sdk/endpoint-cache@3.804.0:
    resolution: {integrity: sha512-TQVDkA/lV6ua75ELZaichMzlp6x7tDa1bqdy/+0ZftmODPtKXuOOEcJxmdN7Ui/YRo1gkRz2D9txYy7IlNg1Og==}
    engines: {node: '>=18.0.0'}
    dependencies:
      mnemonist: 0.38.3
      tslib: 2.8.1
    dev: false

  /@aws-sdk/lib-dynamodb@3.417.0(@aws-sdk/client-dynamodb@3.857.0):
    resolution: {integrity: sha512-+8ewIPwf4uvgan0/MGpz8dqfrLPEQxCbz/R3rU37ZoE4ELt8lF6RFXibZN83+PcDhSL/myfchg4cWNR2v/mghQ==}
    engines: {node: '>=14.0.0'}
    peerDependencies:
      '@aws-sdk/client-dynamodb': ^3.0.0
    dependencies:
      '@aws-sdk/client-dynamodb': 3.857.0
      '@aws-sdk/util-dynamodb': 3.417.0(@aws-sdk/client-dynamodb@3.857.0)
      tslib: 2.6.2
    dev: false

  /@aws-sdk/middleware-endpoint-discovery@3.840.0:
    resolution: {integrity: sha512-IJDShY5NOg9luTE8h4o2Bm+gsPnHIU0tVWCjMz8vZMLevYjKdIsatcXiu3huTOjKSnelzC9fBHfU6KKsHmjjBQ==}
    engines: {node: '>=18.0.0'}
    dependencies:
      '@aws-sdk/endpoint-cache': 3.804.0
      '@aws-sdk/types': 3.840.0
      '@smithy/node-config-provider': 4.1.3
      '@smithy/protocol-http': 5.1.2
      '@smithy/types': 4.3.1
      tslib: 2.8.1
    dev: false

  /@aws-sdk/middleware-host-header@3.840.0:
    resolution: {integrity: sha512-ub+hXJAbAje94+Ya6c6eL7sYujoE8D4Bumu1NUI8TXjUhVVn0HzVWQjpRLshdLsUp1AW7XyeJaxyajRaJQ8+Xg==}
    engines: {node: '>=18.0.0'}
    dependencies:
      '@aws-sdk/types': 3.840.0
      '@smithy/protocol-http': 5.1.2
      '@smithy/types': 4.3.1
      tslib: 2.8.1
    dev: false

  /@aws-sdk/middleware-logger@3.840.0:
    resolution: {integrity: sha512-lSV8FvjpdllpGaRspywss4CtXV8M7NNNH+2/j86vMH+YCOZ6fu2T/TyFd/tHwZ92vDfHctWkRbQxg0bagqwovA==}
    engines: {node: '>=18.0.0'}
    dependencies:
      '@aws-sdk/types': 3.840.0
      '@smithy/types': 4.3.1
      tslib: 2.8.1
    dev: false

  /@aws-sdk/middleware-recursion-detection@3.840.0:
    resolution: {integrity: sha512-Gu7lGDyfddyhIkj1Z1JtrY5NHb5+x/CRiB87GjaSrKxkDaydtX2CU977JIABtt69l9wLbcGDIQ+W0uJ5xPof7g==}
    engines: {node: '>=18.0.0'}
    dependencies:
      '@aws-sdk/types': 3.840.0
      '@smithy/protocol-http': 5.1.2
      '@smithy/types': 4.3.1
      tslib: 2.8.1
    dev: false

  /@aws-sdk/middleware-user-agent@3.857.0:
    resolution: {integrity: sha512-JPqTxJGwc5QyxpCpDuOi64+z+9krpkv9FidnWjPqqNwLy25Da8espksTzptPivsMzUukdObFWJsDG89/8/I6TQ==}
    engines: {node: '>=18.0.0'}
    dependencies:
      '@aws-sdk/core': 3.857.0
      '@aws-sdk/types': 3.840.0
      '@aws-sdk/util-endpoints': 3.848.0
      '@smithy/core': 3.7.2
      '@smithy/protocol-http': 5.1.2
      '@smithy/types': 4.3.1
      tslib: 2.8.1
    dev: false

  /@aws-sdk/nested-clients@3.857.0:
    resolution: {integrity: sha512-3P1GP34hu3Yb7C8bcIqIGASMt/MT/1Lxwy37UJwCn4IrccrvYM3i8y5XX4wW8sn1J5832wB4kdb4HTYbEz6+zw==}
    engines: {node: '>=18.0.0'}
    dependencies:
      '@aws-crypto/sha256-browser': 5.2.0
      '@aws-crypto/sha256-js': 5.2.0
      '@aws-sdk/core': 3.857.0
      '@aws-sdk/middleware-host-header': 3.840.0
      '@aws-sdk/middleware-logger': 3.840.0
      '@aws-sdk/middleware-recursion-detection': 3.840.0
      '@aws-sdk/middleware-user-agent': 3.857.0
      '@aws-sdk/region-config-resolver': 3.840.0
      '@aws-sdk/types': 3.840.0
      '@aws-sdk/util-endpoints': 3.848.0
      '@aws-sdk/util-user-agent-browser': 3.840.0
      '@aws-sdk/util-user-agent-node': 3.857.0
      '@smithy/config-resolver': 4.1.4
      '@smithy/core': 3.7.2
      '@smithy/fetch-http-handler': 5.1.0
      '@smithy/hash-node': 4.0.4
      '@smithy/invalid-dependency': 4.0.4
      '@smithy/middleware-content-length': 4.0.4
      '@smithy/middleware-endpoint': 4.1.17
      '@smithy/middleware-retry': 4.1.18
      '@smithy/middleware-serde': 4.0.8
      '@smithy/middleware-stack': 4.0.4
      '@smithy/node-config-provider': 4.1.3
      '@smithy/node-http-handler': 4.1.0
      '@smithy/protocol-http': 5.1.2
      '@smithy/smithy-client': 4.4.9
      '@smithy/types': 4.3.1
      '@smithy/url-parser': 4.0.4
      '@smithy/util-base64': 4.0.0
      '@smithy/util-body-length-browser': 4.0.0
      '@smithy/util-body-length-node': 4.0.0
      '@smithy/util-defaults-mode-browser': 4.0.25
      '@smithy/util-defaults-mode-node': 4.0.25
      '@smithy/util-endpoints': 3.0.6
      '@smithy/util-middleware': 4.0.4
      '@smithy/util-retry': 4.0.6
      '@smithy/util-utf8': 4.0.0
      tslib: 2.8.1
    transitivePeerDependencies:
      - aws-crt
    dev: false

  /@aws-sdk/region-config-resolver@3.840.0:
    resolution: {integrity: sha512-Qjnxd/yDv9KpIMWr90ZDPtRj0v75AqGC92Lm9+oHXZ8p1MjG5JE2CW0HL8JRgK9iKzgKBL7pPQRXI8FkvEVfrA==}
    engines: {node: '>=18.0.0'}
    dependencies:
      '@aws-sdk/types': 3.840.0
      '@smithy/node-config-provider': 4.1.3
      '@smithy/types': 4.3.1
      '@smithy/util-config-provider': 4.0.0
      '@smithy/util-middleware': 4.0.4
      tslib: 2.8.1
    dev: false

  /@aws-sdk/token-providers@3.857.0:
    resolution: {integrity: sha512-4DBZw+QHpsnpYLXzQtDYCEP9KFFQlYAmNnrCK1bsWoKqnUgjKgwr9Re0yhtNiieHhEE4Lhu+E+IAiNwDx2ClVw==}
    engines: {node: '>=18.0.0'}
    dependencies:
      '@aws-sdk/core': 3.857.0
      '@aws-sdk/nested-clients': 3.857.0
      '@aws-sdk/types': 3.840.0
      '@smithy/property-provider': 4.0.4
      '@smithy/shared-ini-file-loader': 4.0.4
      '@smithy/types': 4.3.1
      tslib: 2.8.1
    transitivePeerDependencies:
      - aws-crt
    dev: false

  /@aws-sdk/types@3.840.0:
    resolution: {integrity: sha512-xliuHaUFZxEx1NSXeLLZ9Dyu6+EJVQKEoD+yM+zqUo3YDZ7medKJWY6fIOKiPX/N7XbLdBYwajb15Q7IL8KkeA==}
    engines: {node: '>=18.0.0'}
    dependencies:
      '@smithy/types': 4.3.1
      tslib: 2.8.1
    dev: false

  /@aws-sdk/util-dynamodb@3.417.0(@aws-sdk/client-dynamodb@3.857.0):
    resolution: {integrity: sha512-IWB2aoRdZSqlwZPjFisXpOZVKNaKIwbOK77LhlY8WYp3ZNYJITFKzKxYmuWuCYkeSO3aGM8gp3JzofTkmiQhEw==}
    engines: {node: '>=14.0.0'}
    peerDependencies:
      '@aws-sdk/client-dynamodb': ^3.0.0
    dependencies:
      '@aws-sdk/client-dynamodb': 3.857.0
      tslib: 2.6.2
    dev: false

  /@aws-sdk/util-endpoints@3.848.0:
    resolution: {integrity: sha512-fY/NuFFCq/78liHvRyFKr+aqq1aA/uuVSANjzr5Ym8c+9Z3HRPE9OrExAHoMrZ6zC8tHerQwlsXYYH5XZ7H+ww==}
    engines: {node: '>=18.0.0'}
    dependencies:
      '@aws-sdk/types': 3.840.0
      '@smithy/types': 4.3.1
      '@smithy/url-parser': 4.0.4
      '@smithy/util-endpoints': 3.0.6
      tslib: 2.8.1
    dev: false

  /@aws-sdk/util-locate-window@3.804.0:
    resolution: {integrity: sha512-zVoRfpmBVPodYlnMjgVjfGoEZagyRF5IPn3Uo6ZvOZp24chnW/FRstH7ESDHDDRga4z3V+ElUQHKpFDXWyBW5A==}
    engines: {node: '>=18.0.0'}
    dependencies:
      tslib: 2.8.1
    dev: false

  /@aws-sdk/util-user-agent-browser@3.840.0:
    resolution: {integrity: sha512-JdyZM3EhhL4PqwFpttZu1afDpPJCCc3eyZOLi+srpX11LsGj6sThf47TYQN75HT1CarZ7cCdQHGzP2uy3/xHfQ==}
    dependencies:
      '@aws-sdk/types': 3.840.0
      '@smithy/types': 4.3.1
      bowser: 2.11.0
      tslib: 2.8.1
    dev: false

  /@aws-sdk/util-user-agent-node@3.857.0:
    resolution: {integrity: sha512-xWNfAnD2t5yACGW1wM3iLoy2FvRM8N/XjkjgJE1O35gBHn00evtLC9q4nkR4x7+vXdZb8cVw4Y6GmcfMckgFQg==}
    engines: {node: '>=18.0.0'}
    peerDependencies:
      aws-crt: '>=1.0.0'
    peerDependenciesMeta:
      aws-crt:
        optional: true
    dependencies:
      '@aws-sdk/middleware-user-agent': 3.857.0
      '@aws-sdk/types': 3.840.0
      '@smithy/node-config-provider': 4.1.3
      '@smithy/types': 4.3.1
      tslib: 2.8.1
    dev: false

  /@aws-sdk/xml-builder@3.821.0:
    resolution: {integrity: sha512-DIIotRnefVL6DiaHtO6/21DhJ4JZnnIwdNbpwiAhdt/AVbttcE4yw925gsjur0OGv5BTYXQXU3YnANBYnZjuQA==}
    engines: {node: '>=18.0.0'}
    dependencies:
      '@smithy/types': 4.3.1
      tslib: 2.8.1
    dev: false

  /@smithy/abort-controller@4.0.4:
    resolution: {integrity: sha512-gJnEjZMvigPDQWHrW3oPrFhQtkrgqBkyjj3pCIdF3A5M6vsZODG93KNlfJprv6bp4245bdT32fsHK4kkH3KYDA==}
    engines: {node: '>=18.0.0'}
    dependencies:
      '@smithy/types': 4.3.1
      tslib: 2.8.1
    dev: false

  /@smithy/config-resolver@4.1.4:
    resolution: {integrity: sha512-prmU+rDddxHOH0oNcwemL+SwnzcG65sBF2yXRO7aeXIn/xTlq2pX7JLVbkBnVLowHLg4/OL4+jBmv9hVrVGS+w==}
    engines: {node: '>=18.0.0'}
    dependencies:
      '@smithy/node-config-provider': 4.1.3
      '@smithy/types': 4.3.1
      '@smithy/util-config-provider': 4.0.0
      '@smithy/util-middleware': 4.0.4
      tslib: 2.8.1
    dev: false

  /@smithy/core@3.7.2:
    resolution: {integrity: sha512-JoLw59sT5Bm8SAjFCYZyuCGxK8y3vovmoVbZWLDPTH5XpPEIwpFd9m90jjVMwoypDuB/SdVgje5Y4T7w50lJaw==}
    engines: {node: '>=18.0.0'}
    dependencies:
      '@smithy/middleware-serde': 4.0.8
      '@smithy/protocol-http': 5.1.2
      '@smithy/types': 4.3.1
      '@smithy/util-base64': 4.0.0
      '@smithy/util-body-length-browser': 4.0.0
      '@smithy/util-middleware': 4.0.4
      '@smithy/util-stream': 4.2.3
      '@smithy/util-utf8': 4.0.0
      tslib: 2.8.1
    dev: false

  /@smithy/credential-provider-imds@4.0.6:
    resolution: {integrity: sha512-hKMWcANhUiNbCJouYkZ9V3+/Qf9pteR1dnwgdyzR09R4ODEYx8BbUysHwRSyex4rZ9zapddZhLFTnT4ZijR4pw==}
    engines: {node: '>=18.0.0'}
    dependencies:
      '@smithy/node-config-provider': 4.1.3
      '@smithy/property-provider': 4.0.4
      '@smithy/types': 4.3.1
      '@smithy/url-parser': 4.0.4
      tslib: 2.8.1
    dev: false

  /@smithy/fetch-http-handler@5.1.0:
    resolution: {integrity: sha512-mADw7MS0bYe2OGKkHYMaqarOXuDwRbO6ArD91XhHcl2ynjGCFF+hvqf0LyQcYxkA1zaWjefSkU7Ne9mqgApSgQ==}
    engines: {node: '>=18.0.0'}
    dependencies:
      '@smithy/protocol-http': 5.1.2
      '@smithy/querystring-builder': 4.0.4
      '@smithy/types': 4.3.1
      '@smithy/util-base64': 4.0.0
      tslib: 2.8.1
    dev: false

  /@smithy/hash-node@4.0.4:
    resolution: {integrity: sha512-qnbTPUhCVnCgBp4z4BUJUhOEkVwxiEi1cyFM+Zj6o+aY8OFGxUQleKWq8ltgp3dujuhXojIvJWdoqpm6dVO3lQ==}
    engines: {node: '>=18.0.0'}
    dependencies:
      '@smithy/types': 4.3.1
      '@smithy/util-buffer-from': 4.0.0
      '@smithy/util-utf8': 4.0.0
      tslib: 2.8.1
    dev: false

  /@smithy/invalid-dependency@4.0.4:
    resolution: {integrity: sha512-bNYMi7WKTJHu0gn26wg8OscncTt1t2b8KcsZxvOv56XA6cyXtOAAAaNP7+m45xfppXfOatXF3Sb1MNsLUgVLTw==}
    engines: {node: '>=18.0.0'}
    dependencies:
      '@smithy/types': 4.3.1
      tslib: 2.8.1
    dev: false

  /@smithy/is-array-buffer@2.2.0:
    resolution: {integrity: sha512-GGP3O9QFD24uGeAXYUjwSTXARoqpZykHadOmA8G5vfJPK0/DC67qa//0qvqrJzL1xc8WQWX7/yc7fwudjPHPhA==}
    engines: {node: '>=14.0.0'}
    dependencies:
      tslib: 2.8.1
    dev: false

  /@smithy/is-array-buffer@4.0.0:
    resolution: {integrity: sha512-saYhF8ZZNoJDTvJBEWgeBccCg+yvp1CX+ed12yORU3NilJScfc6gfch2oVb4QgxZrGUx3/ZJlb+c/dJbyupxlw==}
    engines: {node: '>=18.0.0'}
    dependencies:
      tslib: 2.8.1
    dev: false

  /@smithy/middleware-content-length@4.0.4:
    resolution: {integrity: sha512-F7gDyfI2BB1Kc+4M6rpuOLne5LOcEknH1n6UQB69qv+HucXBR1rkzXBnQTB2q46sFy1PM/zuSJOB532yc8bg3w==}
    engines: {node: '>=18.0.0'}
    dependencies:
      '@smithy/protocol-http': 5.1.2
      '@smithy/types': 4.3.1
      tslib: 2.8.1
    dev: false

  /@smithy/middleware-endpoint@4.1.17:
    resolution: {integrity: sha512-S3hSGLKmHG1m35p/MObQCBCdRsrpbPU8B129BVzRqRfDvQqPMQ14iO4LyRw+7LNizYc605COYAcjqgawqi+6jA==}
    engines: {node: '>=18.0.0'}
    dependencies:
      '@smithy/core': 3.7.2
      '@smithy/middleware-serde': 4.0.8
      '@smithy/node-config-provider': 4.1.3
      '@smithy/shared-ini-file-loader': 4.0.4
      '@smithy/types': 4.3.1
      '@smithy/url-parser': 4.0.4
      '@smithy/util-middleware': 4.0.4
      tslib: 2.8.1
    dev: false

  /@smithy/middleware-retry@4.1.18:
    resolution: {integrity: sha512-bYLZ4DkoxSsPxpdmeapvAKy7rM5+25gR7PGxq2iMiecmbrRGBHj9s75N74Ylg+aBiw9i5jIowC/cLU2NR0qH8w==}
    engines: {node: '>=18.0.0'}
    dependencies:
      '@smithy/node-config-provider': 4.1.3
      '@smithy/protocol-http': 5.1.2
      '@smithy/service-error-classification': 4.0.6
      '@smithy/smithy-client': 4.4.9
      '@smithy/types': 4.3.1
      '@smithy/util-middleware': 4.0.4
      '@smithy/util-retry': 4.0.6
      tslib: 2.8.1
      uuid: 9.0.1
    dev: false

  /@smithy/middleware-serde@4.0.8:
    resolution: {integrity: sha512-iSSl7HJoJaGyMIoNn2B7czghOVwJ9nD7TMvLhMWeSB5vt0TnEYyRRqPJu/TqW76WScaNvYYB8nRoiBHR9S1Ddw==}
    engines: {node: '>=18.0.0'}
    dependencies:
      '@smithy/protocol-http': 5.1.2
      '@smithy/types': 4.3.1
      tslib: 2.8.1
    dev: false

  /@smithy/middleware-stack@4.0.4:
    resolution: {integrity: sha512-kagK5ggDrBUCCzI93ft6DjteNSfY8Ulr83UtySog/h09lTIOAJ/xUSObutanlPT0nhoHAkpmW9V5K8oPyLh+QA==}
    engines: {node: '>=18.0.0'}
    dependencies:
      '@smithy/types': 4.3.1
      tslib: 2.8.1
    dev: false

  /@smithy/node-config-provider@4.1.3:
    resolution: {integrity: sha512-HGHQr2s59qaU1lrVH6MbLlmOBxadtzTsoO4c+bF5asdgVik3I8o7JIOzoeqWc5MjVa+vD36/LWE0iXKpNqooRw==}
    engines: {node: '>=18.0.0'}
    dependencies:
      '@smithy/property-provider': 4.0.4
      '@smithy/shared-ini-file-loader': 4.0.4
      '@smithy/types': 4.3.1
      tslib: 2.8.1
    dev: false

  /@smithy/node-http-handler@4.1.0:
    resolution: {integrity: sha512-vqfSiHz2v8b3TTTrdXi03vNz1KLYYS3bhHCDv36FYDqxT7jvTll1mMnCrkD+gOvgwybuunh/2VmvOMqwBegxEg==}
    engines: {node: '>=18.0.0'}
    dependencies:
      '@smithy/abort-controller': 4.0.4
      '@smithy/protocol-http': 5.1.2
      '@smithy/querystring-builder': 4.0.4
      '@smithy/types': 4.3.1
      tslib: 2.8.1
    dev: false

  /@smithy/property-provider@4.0.4:
    resolution: {integrity: sha512-qHJ2sSgu4FqF4U/5UUp4DhXNmdTrgmoAai6oQiM+c5RZ/sbDwJ12qxB1M6FnP+Tn/ggkPZf9ccn4jqKSINaquw==}
    engines: {node: '>=18.0.0'}
    dependencies:
      '@smithy/types': 4.3.1
      tslib: 2.8.1
    dev: false

  /@smithy/protocol-http@5.1.2:
    resolution: {integrity: sha512-rOG5cNLBXovxIrICSBm95dLqzfvxjEmuZx4KK3hWwPFHGdW3lxY0fZNXfv2zebfRO7sJZ5pKJYHScsqopeIWtQ==}
    engines: {node: '>=18.0.0'}
    dependencies:
      '@smithy/types': 4.3.1
      tslib: 2.8.1
    dev: false

  /@smithy/querystring-builder@4.0.4:
    resolution: {integrity: sha512-SwREZcDnEYoh9tLNgMbpop+UTGq44Hl9tdj3rf+yeLcfH7+J8OXEBaMc2kDxtyRHu8BhSg9ADEx0gFHvpJgU8w==}
    engines: {node: '>=18.0.0'}
    dependencies:
      '@smithy/types': 4.3.1
      '@smithy/util-uri-escape': 4.0.0
      tslib: 2.8.1
    dev: false

  /@smithy/querystring-parser@4.0.4:
    resolution: {integrity: sha512-6yZf53i/qB8gRHH/l2ZwUG5xgkPgQF15/KxH0DdXMDHjesA9MeZje/853ifkSY0x4m5S+dfDZ+c4x439PF0M2w==}
    engines: {node: '>=18.0.0'}
    dependencies:
      '@smithy/types': 4.3.1
      tslib: 2.8.1
    dev: false

  /@smithy/service-error-classification@4.0.6:
    resolution: {integrity: sha512-RRoTDL//7xi4tn5FrN2NzH17jbgmnKidUqd4KvquT0954/i6CXXkh1884jBiunq24g9cGtPBEXlU40W6EpNOOg==}
    engines: {node: '>=18.0.0'}
    dependencies:
      '@smithy/types': 4.3.1
    dev: false

  /@smithy/shared-ini-file-loader@4.0.4:
    resolution: {integrity: sha512-63X0260LoFBjrHifPDs+nM9tV0VMkOTl4JRMYNuKh/f5PauSjowTfvF3LogfkWdcPoxsA9UjqEOgjeYIbhb7Nw==}
    engines: {node: '>=18.0.0'}
    dependencies:
      '@smithy/types': 4.3.1
      tslib: 2.8.1
    dev: false

  /@smithy/signature-v4@5.1.2:
    resolution: {integrity: sha512-d3+U/VpX7a60seHziWnVZOHuEgJlclufjkS6zhXvxcJgkJq4UWdH5eOBLzHRMx6gXjsdT9h6lfpmLzbrdupHgQ==}
    engines: {node: '>=18.0.0'}
    dependencies:
      '@smithy/is-array-buffer': 4.0.0
      '@smithy/protocol-http': 5.1.2
      '@smithy/types': 4.3.1
      '@smithy/util-hex-encoding': 4.0.0
      '@smithy/util-middleware': 4.0.4
      '@smithy/util-uri-escape': 4.0.0
      '@smithy/util-utf8': 4.0.0
      tslib: 2.8.1
    dev: false

  /@smithy/smithy-client@4.4.9:
    resolution: {integrity: sha512-mbMg8mIUAWwMmb74LoYiArP04zWElPzDoA1jVOp3or0cjlDMgoS6WTC3QXK0Vxoc9I4zdrX0tq6qsOmaIoTWEQ==}
    engines: {node: '>=18.0.0'}
    dependencies:
      '@smithy/core': 3.7.2
      '@smithy/middleware-endpoint': 4.1.17
      '@smithy/middleware-stack': 4.0.4
      '@smithy/protocol-http': 5.1.2
      '@smithy/types': 4.3.1
      '@smithy/util-stream': 4.2.3
      tslib: 2.8.1
    dev: false

  /@smithy/types@4.3.1:
    resolution: {integrity: sha512-UqKOQBL2x6+HWl3P+3QqFD4ncKq0I8Nuz9QItGv5WuKuMHuuwlhvqcZCoXGfc+P1QmfJE7VieykoYYmrOoFJxA==}
    engines: {node: '>=18.0.0'}
    dependencies:
      tslib: 2.8.1
    dev: false

  /@smithy/url-parser@4.0.4:
    resolution: {integrity: sha512-eMkc144MuN7B0TDA4U2fKs+BqczVbk3W+qIvcoCY6D1JY3hnAdCuhCZODC+GAeaxj0p6Jroz4+XMUn3PCxQQeQ==}
    engines: {node: '>=18.0.0'}
    dependencies:
      '@smithy/querystring-parser': 4.0.4
      '@smithy/types': 4.3.1
      tslib: 2.8.1
    dev: false

  /@smithy/util-base64@4.0.0:
    resolution: {integrity: sha512-CvHfCmO2mchox9kjrtzoHkWHxjHZzaFojLc8quxXY7WAAMAg43nuxwv95tATVgQFNDwd4M9S1qFzj40Ul41Kmg==}
    engines: {node: '>=18.0.0'}
    dependencies:
      '@smithy/util-buffer-from': 4.0.0
      '@smithy/util-utf8': 4.0.0
      tslib: 2.8.1
    dev: false

  /@smithy/util-body-length-browser@4.0.0:
    resolution: {integrity: sha512-sNi3DL0/k64/LO3A256M+m3CDdG6V7WKWHdAiBBMUN8S3hK3aMPhwnPik2A/a2ONN+9doY9UxaLfgqsIRg69QA==}
    engines: {node: '>=18.0.0'}
    dependencies:
      tslib: 2.8.1
    dev: false

  /@smithy/util-body-length-node@4.0.0:
    resolution: {integrity: sha512-q0iDP3VsZzqJyje8xJWEJCNIu3lktUGVoSy1KB0UWym2CL1siV3artm+u1DFYTLejpsrdGyCSWBdGNjJzfDPjg==}
    engines: {node: '>=18.0.0'}
    dependencies:
      tslib: 2.8.1
    dev: false

  /@smithy/util-buffer-from@2.2.0:
    resolution: {integrity: sha512-IJdWBbTcMQ6DA0gdNhh/BwrLkDR+ADW5Kr1aZmd4k3DIF6ezMV4R2NIAmT08wQJ3yUK82thHWmC/TnK/wpMMIA==}
    engines: {node: '>=14.0.0'}
    dependencies:
      '@smithy/is-array-buffer': 2.2.0
      tslib: 2.8.1
    dev: false

  /@smithy/util-buffer-from@4.0.0:
    resolution: {integrity: sha512-9TOQ7781sZvddgO8nxueKi3+yGvkY35kotA0Y6BWRajAv8jjmigQ1sBwz0UX47pQMYXJPahSKEKYFgt+rXdcug==}
    engines: {node: '>=18.0.0'}
    dependencies:
      '@smithy/is-array-buffer': 4.0.0
      tslib: 2.8.1
    dev: false

  /@smithy/util-config-provider@4.0.0:
    resolution: {integrity: sha512-L1RBVzLyfE8OXH+1hsJ8p+acNUSirQnWQ6/EgpchV88G6zGBTDPdXiiExei6Z1wR2RxYvxY/XLw6AMNCCt8H3w==}
    engines: {node: '>=18.0.0'}
    dependencies:
      tslib: 2.8.1
    dev: false

  /@smithy/util-defaults-mode-browser@4.0.25:
    resolution: {integrity: sha512-pxEWsxIsOPLfKNXvpgFHBGFC3pKYKUFhrud1kyooO9CJai6aaKDHfT10Mi5iiipPXN/JhKAu3qX9o75+X85OdQ==}
    engines: {node: '>=18.0.0'}
    dependencies:
      '@smithy/property-provider': 4.0.4
      '@smithy/smithy-client': 4.4.9
      '@smithy/types': 4.3.1
      bowser: 2.11.0
      tslib: 2.8.1
    dev: false

  /@smithy/util-defaults-mode-node@4.0.25:
    resolution: {integrity: sha512-+w4n4hKFayeCyELZLfsSQG5mCC3TwSkmRHv4+el5CzFU8ToQpYGhpV7mrRzqlwKkntlPilT1HJy1TVeEvEjWOQ==}
    engines: {node: '>=18.0.0'}
    dependencies:
      '@smithy/config-resolver': 4.1.4
      '@smithy/credential-provider-imds': 4.0.6
      '@smithy/node-config-provider': 4.1.3
      '@smithy/property-provider': 4.0.4
      '@smithy/smithy-client': 4.4.9
      '@smithy/types': 4.3.1
      tslib: 2.8.1
    dev: false

  /@smithy/util-endpoints@3.0.6:
    resolution: {integrity: sha512-YARl3tFL3WgPuLzljRUnrS2ngLiUtkwhQtj8PAL13XZSyUiNLQxwG3fBBq3QXFqGFUXepIN73pINp3y8c2nBmA==}
    engines: {node: '>=18.0.0'}
    dependencies:
      '@smithy/node-config-provider': 4.1.3
      '@smithy/types': 4.3.1
      tslib: 2.8.1
    dev: false

  /@smithy/util-hex-encoding@4.0.0:
    resolution: {integrity: sha512-Yk5mLhHtfIgW2W2WQZWSg5kuMZCVbvhFmC7rV4IO2QqnZdbEFPmQnCcGMAX2z/8Qj3B9hYYNjZOhWym+RwhePw==}
    engines: {node: '>=18.0.0'}
    dependencies:
      tslib: 2.8.1
    dev: false

  /@smithy/util-middleware@4.0.4:
    resolution: {integrity: sha512-9MLKmkBmf4PRb0ONJikCbCwORACcil6gUWojwARCClT7RmLzF04hUR4WdRprIXal7XVyrddadYNfp2eF3nrvtQ==}
    engines: {node: '>=18.0.0'}
    dependencies:
      '@smithy/types': 4.3.1
      tslib: 2.8.1
    dev: false

  /@smithy/util-retry@4.0.6:
    resolution: {integrity: sha512-+YekoF2CaSMv6zKrA6iI/N9yva3Gzn4L6n35Luydweu5MMPYpiGZlWqehPHDHyNbnyaYlz/WJyYAZnC+loBDZg==}
    engines: {node: '>=18.0.0'}
    dependencies:
      '@smithy/service-error-classification': 4.0.6
      '@smithy/types': 4.3.1
      tslib: 2.8.1
    dev: false

  /@smithy/util-stream@4.2.3:
    resolution: {integrity: sha512-cQn412DWHHFNKrQfbHY8vSFI3nTROY1aIKji9N0tpp8gUABRilr7wdf8fqBbSlXresobM+tQFNk6I+0LXK/YZg==}
    engines: {node: '>=18.0.0'}
    dependencies:
      '@smithy/fetch-http-handler': 5.1.0
      '@smithy/node-http-handler': 4.1.0
      '@smithy/types': 4.3.1
      '@smithy/util-base64': 4.0.0
      '@smithy/util-buffer-from': 4.0.0
      '@smithy/util-hex-encoding': 4.0.0
      '@smithy/util-utf8': 4.0.0
      tslib: 2.8.1
    dev: false

  /@smithy/util-uri-escape@4.0.0:
    resolution: {integrity: sha512-77yfbCbQMtgtTylO9itEAdpPXSog3ZxMe09AEhm0dU0NLTalV70ghDZFR+Nfi1C60jnJoh/Re4090/DuZh2Omg==}
    engines: {node: '>=18.0.0'}
    dependencies:
      tslib: 2.8.1
    dev: false

  /@smithy/util-utf8@2.3.0:
    resolution: {integrity: sha512-R8Rdn8Hy72KKcebgLiv8jQcQkXoLMOGGv5uI1/k0l+snqkOzQ1R0ChUBCxWMlBsFMekWjq0wRudIweFs7sKT5A==}
    engines: {node: '>=14.0.0'}
    dependencies:
      '@smithy/util-buffer-from': 2.2.0
      tslib: 2.8.1
    dev: false

  /@smithy/util-utf8@4.0.0:
    resolution: {integrity: sha512-b+zebfKCfRdgNJDknHCob3O7FpeYQN6ZG6YLExMcasDHsCXlsXCEuiPZeLnJLpwa5dvPetGlnGCiMHuLwGvFow==}
    engines: {node: '>=18.0.0'}
    dependencies:
      '@smithy/util-buffer-from': 4.0.0
      tslib: 2.8.1
    dev: false

  /@smithy/util-waiter@4.0.6:
    resolution: {integrity: sha512-slcr1wdRbX7NFphXZOxtxRNA7hXAAtJAXJDE/wdoMAos27SIquVCKiSqfB6/28YzQ8FCsB5NKkhdM5gMADbqxg==}
    engines: {node: '>=18.0.0'}
    dependencies:
      '@smithy/abort-controller': 4.0.4
      '@smithy/types': 4.3.1
      tslib: 2.8.1
    dev: false

  /@types/uuid@9.0.8:
    resolution: {integrity: sha512-jg+97EGIcY9AGHJJRaaPVgetKDsrTgbRjQ5Msgjh/DQKEFl0DtyRr/VCOyD1T2R1MNeWPK/u7JoGhlDZnKBAfA==}
    dev: false

  /ansi-styles@4.3.0:
    resolution: {integrity: sha512-zbB9rCJAT1rbjiVDb2hqKFHNYLxgtk8NURxZ3IZwD3F6NtxbXZQCnnSi1Lkx+IDohdPlFp222wVALIheZJQSEg==}
    engines: {node: '>=8'}
    dependencies:
      color-convert: 2.0.1
    dev: false

  /async@3.2.4:
    resolution: {integrity: sha512-iAB+JbDEGXhyIUavoDl9WP/Jj106Kz9DEn1DPgYw5ruDn0e3Wgi3sKFm55sASdGBNOQB8F59d9qQ7deqrHA8wQ==}
    dev: false

  /balanced-match@1.0.2:
    resolution: {integrity: sha512-3oSeUO0TMV67hN1AmbXsK4yaqU7tjiHlbxRDZOpH0KW9+CeX4bRAaX0Anxt0tx2MrpRpWwQaPwIlISEJhYU5Pw==}
    dev: false

  /bowser@2.11.0:
    resolution: {integrity: sha512-AlcaJBi/pqqJBIQ8U9Mcpc9i8Aqxn88Skv5d+xBX006BY5u8N3mGLHa5Lgppa7L/HfwgwLgZ6NYs+Ag6uUmJRA==}
    dev: false

  /brace-expansion@1.1.11:
    resolution: {integrity: sha512-iCuPHDFgrHX7H2vEI/5xpz07zSHB00TpugqhmYtVmMO6518mCuRMoOYFldEBl0g187ufozdaHgWKcYFb61qGiA==}
    dependencies:
      balanced-match: 1.0.2
      concat-map: 0.0.1
    dev: false

  /brace-expansion@2.0.1:
    resolution: {integrity: sha512-XnAIvQ8eM+kC6aULx6wuQiwVsnzsi9d3WxzV3FpWTGA19F621kwdbsAcFKXgKUHZWsy+mY6iL1sHTxWEFCytDA==}
    dependencies:
      balanced-match: 1.0.2
    dev: false

  /chalk@4.1.2:
    resolution: {integrity: sha512-oKnbhFyRIXpUuez8iBMmyEa4nbj4IOQyuhc/wy9kY7/WVPcwIO9VA668Pu8RkO7+0G76SLROeyw9CpQ061i4mA==}
    engines: {node: '>=10'}
    dependencies:
      ansi-styles: 4.3.0
      supports-color: 7.2.0
    dev: false

  /color-convert@2.0.1:
    resolution: {integrity: sha512-RRECPsj7iu/xb5oKYcsFHSppFNnsj/52OVTRKb4zP5onXwVF3zVmmToNcOfGC+CRDpfK/U584fMg38ZHCaElKQ==}
    engines: {node: '>=7.0.0'}
    dependencies:
      color-name: 1.1.4
    dev: false

  /color-name@1.1.4:
    resolution: {integrity: sha512-dOy+3AuW3a2wNbZHIuMZpTcgjGuLU/uBL/ubcZF9OXbDo8ff4O8yVp5Bf0efS8uEoYo5q4Fx7dY9OgQGXgAsQA==}
    dev: false

  /concat-map@0.0.1:
    resolution: {integrity: sha512-/Srv4dswyQNBfohGpz9o6Yb3Gz3SrUDqBH5rTuhGR7ahtlbYKnVxw2bCFMRljaA7EXHaXZ8wsHdodFvbkhKmqg==}
    dev: false

  /ejs@3.1.9:
    resolution: {integrity: sha512-rC+QVNMJWv+MtPgkt0y+0rVEIdbtxVADApW9JXrUVlzHetgcyczP/E7DJmWJ4fJCZF2cPcBk0laWO9ZHMG3DmQ==}
    engines: {node: '>=0.10.0'}
    hasBin: true
    dependencies:
      jake: 10.8.7
    dev: false

  /fast-xml-parser@5.2.5:
    resolution: {integrity: sha512-pfX9uG9Ki0yekDHx2SiuRIyFdyAr1kMIMitPvb0YBo8SUfKvia7w7FIyd/l6av85pFYRhZscS75MwMnbvY+hcQ==}
    hasBin: true
    dependencies:
      strnum: 2.1.1
    dev: false

  /filelist@1.0.4:
    resolution: {integrity: sha512-w1cEuf3S+DrLCQL7ET6kz+gmlJdbq9J7yXCSjK/OZCPA+qEN1WyF4ZAf0YYJa4/shHJra2t/d/r8SV4Ji+x+8Q==}
    dependencies:
      minimatch: 5.1.6
    dev: false

  /has-flag@4.0.0:
    resolution: {integrity: sha512-EykJT/Q1KjTWctppgIAgfSO0tKVuZUjhgMr17kqTumMl6Afv3EISleU7qZUzoXDFTAHTDC4NOoG/ZxU3EvlMPQ==}
    engines: {node: '>=8'}
    dev: false

  /jake@10.8.7:
    resolution: {integrity: sha512-ZDi3aP+fG/LchyBzUM804VjddnwfSfsdeYkwt8NcbKRvo4rFkjhs456iLFn3k2ZUWvNe4i48WACDbza8fhq2+w==}
    engines: {node: '>=10'}
    hasBin: true
    dependencies:
      async: 3.2.4
      chalk: 4.1.2
      filelist: 1.0.4
      minimatch: 3.1.2
    dev: false

  /minimatch@3.1.2:
    resolution: {integrity: sha512-J7p63hRiAjw1NDEww1W7i37+ByIrOWO5XQQAzZ3VOcL0PNybwpfmV/N05zFAzwQ9USyEcX6t3UO+K5aqBQOIHw==}
    dependencies:
      brace-expansion: 1.1.11
    dev: false

  /minimatch@5.1.6:
    resolution: {integrity: sha512-lKwV/1brpG6mBUFHtb7NUmtABCb2WZZmm2wNiOA5hAb8VdCS4B3dtMWyvcoViccwAW/COERjXLt0zP1zXUN26g==}
    engines: {node: '>=10'}
    dependencies:
      brace-expansion: 2.0.1
    dev: false

  /mnemonist@0.38.3:
    resolution: {integrity: sha512-2K9QYubXx/NAjv4VLq1d1Ly8pWNC5L3BrixtdkyTegXWJIqY+zLNDhhX/A+ZwWt70tB1S8H4BE8FLYEFyNoOBw==}
    dependencies:
      obliterator: 1.6.1
    dev: false

  /obliterator@1.6.1:
    resolution: {integrity: sha512-9WXswnqINnnhOG/5SLimUlzuU1hFJUc8zkwyD59Sd+dPOMf05PmnYG/d6Q7HZ+KmgkZJa1PxRso6QdM3sTNHig==}
    dev: false

  /strnum@2.1.1:
    resolution: {integrity: sha512-7ZvoFTiCnGxBtDqJ//Cu6fWtZtc7Y3x+QOirG15wztbdngGSkht27o2pyGWrVy0b4WAy3jbKmnoK6g5VlVNUUw==}
    dev: false

  /supports-color@7.2.0:
    resolution: {integrity: sha512-qpCAvRl9stuOHveKsn7HncJRvv501qIacKzQlO/+Lwxc9+0q2wLyv4Dfvt80/DPn2pqOBsJdDiogXGR9+OvwRw==}
    engines: {node: '>=8'}
    dependencies:
      has-flag: 4.0.0
    dev: false

  /tslib@2.6.2:
    resolution: {integrity: sha512-AEYxH93jGFPn/a2iVAwW87VuUIkR1FVUKB77NwMF7nBTDkDrrT/Hpt/IrCJ0QXhW27jTBDcf5ZY7w6RiqTMw2Q==}
    dev: false

  /tslib@2.8.1:
    resolution: {integrity: sha512-oJFu94HQb+KVduSUQL7wnpmqnfmLsOA/nAh6b6EH0wCEoK0/mPeXU6c3wKDV83MkOuHPRHtSXKKU99IBazS/2w==}
    dev: false

  /uuid@9.0.1:
    resolution: {integrity: sha512-b+1eJOlsR9K8HJpow9Ok3fiWOWSIcIzXodvv0rQjVoOVNpWMpxf1wZNpt4y9h10odCNrqnYp1OBzRktckBe3sA==}
    hasBin: true
    dev: false

  /zod@3.22.2:
    resolution: {integrity: sha512-wvWkphh5WQsJbVk1tbx1l1Ly4yg+XecD+Mq280uBGt9wa5BKSWf4Mhp6GmrkPixhMxmabYY7RbzlwVP32pbGCg==}
    dev: false
